<?xml version="1.0" encoding="utf-8"?>
<Project ToolsVersion="4.0" xmlns="http://schemas.microsoft.com/developer/msbuild/2003">
  <ItemGroup>
    <Filter Include="Source Files">
      <UniqueIdentifier>{4FC737F1-C7A5-4376-A066-2A32D752A2FF}</UniqueIdentifier>
      <Extensions>cpp;c;cc;cxx;def;odl;idl;hpj;bat;asm;asmx</Extensions>
    </Filter>
    <Filter Include="Header Files">
      <UniqueIdentifier>{93995380-89BD-4b04-88EB-625FBE52EBFB}</UniqueIdentifier>
      <Extensions>h;hh;hpp;hxx;hm;inl;inc;xsd</Extensions>
    </Filter>
    <Filter Include="Resource Files">
      <UniqueIdentifier>{67DA6AB6-F800-4c08-8B7A-83BB121AAD01}</UniqueIdentifier>
      <Extensions>rc;ico;cur;bmp;dlg;rc2;rct;bin;rgs;gif;jpg;jpeg;jpe;resx;tiff;tif;png;wav;mfcribbon-ms</Extensions>
    </Filter>
  </ItemGroup>
  <ItemGroup>
    <ClCompile Include="src\libgist\gist.cpp">
      <Filter>Source Files</Filter>
    </ClCompile>
    <ClCompile Include="src\libgist\gist_cursor.cpp">
      <Filter>Source Files</Filter>
    </ClCompile>
    <ClCompile Include="src\libgist\gist_cursorext.cpp">
      <Filter>Source Files</Filter>
    </ClCompile>
    <ClCompile Include="src\libgist\gist_disppredcursor.cpp">
      <Filter>Source Files</Filter>
    </ClCompile>
    <ClCompile Include="src\libgist\gist_file.cpp">
      <Filter>Source Files</Filter>
    </ClCompile>
    <ClCompile Include="src\libgist\gist_htab.cpp">
      <Filter>Source Files</Filter>
    </ClCompile>
    <ClCompile Include="src\libgist\gist_p.cpp">
      <Filter>Source Files</Filter>
    </ClCompile>
    <ClCompile Include="src\libgist\gist_query.cpp">
      <Filter>Source Files</Filter>
    </ClCompile>
    <ClCompile Include="src\libgist\gist_support.cpp">
      <Filter>Source Files</Filter>
    </ClCompile>
    <ClCompile Include="src\libgist\gist_unordered.cpp">
      <Filter>Source Files</Filter>
    </ClCompile>
    <ClCompile Include="src\libgist\gist_unorderedn.cpp">
      <Filter>Source Files</Filter>
    </ClCompile>
    <ClCompile Include="src\libgist\gist_ustk.cpp">
      <Filter>Source Files</Filter>
    </ClCompile>
    <ClCompile Include="src\libgist\vec_t.cpp">
      <Filter>Source Files</Filter>
    </ClCompile>
  </ItemGroup>
  <ItemGroup>
    <ClInclude Include="include\gist.h">
      <Filter>Header Files</Filter>
    </ClInclude>
    <ClInclude Include="include\gist_ball.h">
      <Filter>Header Files</Filter>
    </ClInclude>
    <ClInclude Include="include\gist_btree.h">
      <Filter>Header Files</Filter>
    </ClInclude>
    <ClInclude Include="include\gist_compat.h">
      <Filter>Header Files</Filter>
    </ClInclude>
    <ClInclude Include="include\gist_cursor.h">
      <Filter>Header Files</Filter>
    </ClInclude>
    <ClInclude Include="include\gist_cursorext.h">
      <Filter>Header Files</Filter>
    </ClInclude>
    <ClInclude Include="include\gist_defs.h">
      <Filter>Header Files</Filter>
    </ClInclude>
    <ClInclude Include="include\gist_ext.h">
      <Filter>Header Files</Filter>
    </ClInclude>
    <ClInclude Include="include\gist_extensions.h">
      <Filter>Header Files</Filter>
    </ClInclude>
    <ClInclude Include="include\gist_file.h">
      <Filter>Header Files</Filter>
    </ClInclude>
    <ClInclude Include="include\gist_htab.h">
      <Filter>Header Files</Filter>
    </ClInclude>
    <ClInclude Include="include\gist_nptree.h">
      <Filter>Header Files</Filter>
    </ClInclude>
    <ClInclude Include="include\gist_p.h">
      <Filter>Header Files</Filter>
    </ClInclude>
    <ClInclude Include="include\gist_query.h">
      <Filter>Header Files</Filter>
    </ClInclude>
    <ClInclude Include="include\gist_rrtree.h">
      <Filter>Header Files</Filter>
    </ClInclude>
    <ClInclude Include="include\gist_rstartree.h">
      <Filter>Header Files</Filter>
    </ClInclude>
    <ClInclude Include="include\gist_rtpred.h">
      <Filter>Header Files</Filter>
    </ClInclude>
    <ClInclude Include="include\gist_rtpred_point.h">
      <Filter>Header Files</Filter>
    </ClInclude>
    <ClInclude Include="include\gist_rtpred_rank.h">
      <Filter>Header Files</Filter>
    </ClInclude>
    <ClInclude Include="include\gist_rtpred_rect.h">
      <Filter>Header Files</Filter>
    </ClInclude>
    <ClInclude Include="include\gist_rtpred_rr.h">
      <Filter>Header Files</Filter>
    </ClInclude>
    <ClInclude Include="include\gist_rtpred_sphere.h">
      <Filter>Header Files</Filter>
    </ClInclude>
    <ClInclude Include="include\gist_rtpred_sr.h">
      <Filter>Header Files</Filter>
    </ClInclude>
    <ClInclude Include="include\gist_rtpred_ss.h">
      <Filter>Header Files</Filter>
    </ClInclude>
    <ClInclude Include="include\gist_rtree.h">
      <Filter>Header Files</Filter>
    </ClInclude>
    <ClInclude Include="include\gist_rtreecext.h">
      <Filter>Header Files</Filter>
    </ClInclude>
    <ClInclude Include="include\gist_sptree.h">
      <Filter>Header Files</Filter>
    </ClInclude>
    <ClInclude Include="include\gist_srtree.h">
      <Filter>Header Files</Filter>
    </ClInclude>
    <ClInclude Include="include\gist_sstree.h">
      <Filter>Header Files</Filter>
    </ClInclude>
    <ClInclude Include="include\gist_support.h">
      <Filter>Header Files</Filter>
    </ClInclude>
    <ClInclude Include="include\gist_unordered.h">
      <Filter>Header Files</Filter>
    </ClInclude>
    <ClInclude Include="include\gist_unorderedn.h">
      <Filter>Header Files</Filter>
    </ClInclude>
    <ClInclude Include="include\gist_ustk.h">
      <Filter>Header Files</Filter>
    </ClInclude>
    <ClInclude Include="include\sequence.h">
      <Filter>Header Files</Filter>
    </ClInclude>
    <ClInclude Include="include\vec_t.h">
      <Filter>Header Files</Filter>
    </ClInclude>
  </ItemGroup>
</Project>