
Microsoft Visual Studio Solution File, Format Version 12.00
# Visual Studio 14
VisualStudioVersion = 14.0.24720.0
MinimumVisualStudioVersion = 10.0.40219.1
Project("{8BC9CEB8-8B4A-11D0-8D11-00A0C91BC942}") = "DSPlugIn", "msvc6\DSPlugIn\DSPlugIn.vcxproj", "{ABBD64B0-CF45-4FE1-9192-A8B3B56BEEC2}"
EndProject
Project("{8BC9CEB8-8B4A-11D0-8D11-00A0C91BC942}") = "DllPlugInTester", "DllPlugInTester\DllPlugInTester.vcxproj", "{08F39A79-0CBB-46C2-9458-313027F0B7B0}"
EndProject
Project("{8BC9CEB8-8B4A-11D0-8D11-00A0C91BC942}") = "TestPlugInRunner", "msvc6\testpluginrunner\TestPlugInRunner.vcxproj", "{9AB954C5-859B-4A68-91F6-C9DD4169929A}"
EndProject
Project("{8BC9CEB8-8B4A-11D0-8D11-00A0C91BC942}") = "TestRunner", "msvc6\testrunner\TestRunner.vcxproj", "{1152363E-6ABA-4F5F-A955-69873E8951A0}"
EndProject
Project("{8BC9CEB8-8B4A-11D0-8D11-00A0C91BC942}") = "cppunit", "cppunit\cppunit.vcxproj", "{2314F334-94E4-47A6-AAF0-6A78D598521E}"
EndProject
Project("{8BC9CEB8-8B4A-11D0-8D11-00A0C91BC942}") = "cppunit_dll", "cppunit\cppunit_dll.vcxproj", "{F918A481-CDE7-4AE0-8BD2-C0C3519F6482}"
EndProject
Global
	GlobalSection(SolutionConfigurationPlatforms) = preSolution
		Debug Static|x64 = Debug Static|x64
		Debug Static|x86 = Debug Static|x86
		Debug Unicode|x64 = Debug Unicode|x64
		Debug Unicode|x86 = Debug Unicode|x86
		Debug|x64 = Debug|x64
		Debug|x86 = Debug|x86
		Release Static|x64 = Release Static|x64
		Release Static|x86 = Release Static|x86
		Release Unicode|x64 = Release Unicode|x64
		Release Unicode|x86 = Release Unicode|x86
		Release|x64 = Release|x64
		Release|x86 = Release|x86
		Template|x64 = Template|x64
		Template|x86 = Template|x86
	EndGlobalSection
	GlobalSection(ProjectConfigurationPlatforms) = postSolution
		{ABBD64B0-CF45-4FE1-9192-A8B3B56BEEC2}.Debug Static|x64.ActiveCfg = Debug Unicode|x64
		{ABBD64B0-CF45-4FE1-9192-A8B3B56BEEC2}.Debug Static|x64.Build.0 = Debug Unicode|x64
		{ABBD64B0-CF45-4FE1-9192-A8B3B56BEEC2}.Debug Static|x86.ActiveCfg = Debug Unicode|Win32
		{ABBD64B0-CF45-4FE1-9192-A8B3B56BEEC2}.Debug Static|x86.Build.0 = Debug Unicode|Win32
		{ABBD64B0-CF45-4FE1-9192-A8B3B56BEEC2}.Debug Unicode|x64.ActiveCfg = Debug Unicode|x64
		{ABBD64B0-CF45-4FE1-9192-A8B3B56BEEC2}.Debug Unicode|x64.Build.0 = Debug Unicode|x64
		{ABBD64B0-CF45-4FE1-9192-A8B3B56BEEC2}.Debug Unicode|x86.ActiveCfg = Debug Unicode|Win32
		{ABBD64B0-CF45-4FE1-9192-A8B3B56BEEC2}.Debug Unicode|x86.Build.0 = Debug Unicode|Win32
		{ABBD64B0-CF45-4FE1-9192-A8B3B56BEEC2}.Debug|x64.ActiveCfg = Debug|x64
		{ABBD64B0-CF45-4FE1-9192-A8B3B56BEEC2}.Debug|x86.ActiveCfg = Debug|Win32
		{ABBD64B0-CF45-4FE1-9192-A8B3B56BEEC2}.Release Static|x64.ActiveCfg = Release Unicode|x64
		{ABBD64B0-CF45-4FE1-9192-A8B3B56BEEC2}.Release Static|x64.Build.0 = Release Unicode|x64
		{ABBD64B0-CF45-4FE1-9192-A8B3B56BEEC2}.Release Static|x86.ActiveCfg = Release Unicode|Win32
		{ABBD64B0-CF45-4FE1-9192-A8B3B56BEEC2}.Release Static|x86.Build.0 = Release Unicode|Win32
		{ABBD64B0-CF45-4FE1-9192-A8B3B56BEEC2}.Release Unicode|x64.ActiveCfg = Release Unicode|x64
		{ABBD64B0-CF45-4FE1-9192-A8B3B56BEEC2}.Release Unicode|x64.Build.0 = Release Unicode|x64
		{ABBD64B0-CF45-4FE1-9192-A8B3B56BEEC2}.Release Unicode|x86.ActiveCfg = Release Unicode|Win32
		{ABBD64B0-CF45-4FE1-9192-A8B3B56BEEC2}.Release Unicode|x86.Build.0 = Release Unicode|Win32
		{ABBD64B0-CF45-4FE1-9192-A8B3B56BEEC2}.Release|x64.ActiveCfg = Release|x64
		{ABBD64B0-CF45-4FE1-9192-A8B3B56BEEC2}.Release|x86.ActiveCfg = Release|Win32
		{ABBD64B0-CF45-4FE1-9192-A8B3B56BEEC2}.Template|x64.ActiveCfg = Release Unicode|x64
		{ABBD64B0-CF45-4FE1-9192-A8B3B56BEEC2}.Template|x64.Build.0 = Release Unicode|x64
		{ABBD64B0-CF45-4FE1-9192-A8B3B56BEEC2}.Template|x86.ActiveCfg = Release Unicode|Win32
		{ABBD64B0-CF45-4FE1-9192-A8B3B56BEEC2}.Template|x86.Build.0 = Release Unicode|Win32
		{08F39A79-0CBB-46C2-9458-313027F0B7B0}.Debug Static|x64.ActiveCfg = Debug Static|x64
		{08F39A79-0CBB-46C2-9458-313027F0B7B0}.Debug Static|x64.Build.0 = Debug Static|x64
		{08F39A79-0CBB-46C2-9458-313027F0B7B0}.Debug Static|x86.ActiveCfg = Debug Static|Win32
		{08F39A79-0CBB-46C2-9458-313027F0B7B0}.Debug Static|x86.Build.0 = Debug Static|Win32
		{08F39A79-0CBB-46C2-9458-313027F0B7B0}.Debug Unicode|x64.ActiveCfg = Debug Unicode|x64
		{08F39A79-0CBB-46C2-9458-313027F0B7B0}.Debug Unicode|x64.Build.0 = Debug Unicode|x64
		{08F39A79-0CBB-46C2-9458-313027F0B7B0}.Debug Unicode|x86.ActiveCfg = Debug Unicode|Win32
		{08F39A79-0CBB-46C2-9458-313027F0B7B0}.Debug Unicode|x86.Build.0 = Debug Unicode|Win32
		{08F39A79-0CBB-46C2-9458-313027F0B7B0}.Debug|x64.ActiveCfg = Debug|x64
		{08F39A79-0CBB-46C2-9458-313027F0B7B0}.Debug|x86.ActiveCfg = Debug|Win32
		{08F39A79-0CBB-46C2-9458-313027F0B7B0}.Release Static|x64.ActiveCfg = Release Static|x64
		{08F39A79-0CBB-46C2-9458-313027F0B7B0}.Release Static|x64.Build.0 = Release Static|x64
		{08F39A79-0CBB-46C2-9458-313027F0B7B0}.Release Static|x86.ActiveCfg = Release Static|Win32
		{08F39A79-0CBB-46C2-9458-313027F0B7B0}.Release Static|x86.Build.0 = Release Static|Win32
		{08F39A79-0CBB-46C2-9458-313027F0B7B0}.Release Unicode|x64.ActiveCfg = Release Unicode|x64
		{08F39A79-0CBB-46C2-9458-313027F0B7B0}.Release Unicode|x64.Build.0 = Release Unicode|x64
		{08F39A79-0CBB-46C2-9458-313027F0B7B0}.Release Unicode|x86.ActiveCfg = Release Unicode|Win32
		{08F39A79-0CBB-46C2-9458-313027F0B7B0}.Release Unicode|x86.Build.0 = Release Unicode|Win32
		{08F39A79-0CBB-46C2-9458-313027F0B7B0}.Release|x64.ActiveCfg = Release|x64
		{08F39A79-0CBB-46C2-9458-313027F0B7B0}.Release|x86.ActiveCfg = Release|Win32
		{08F39A79-0CBB-46C2-9458-313027F0B7B0}.Template|x64.ActiveCfg = Template|x64
		{08F39A79-0CBB-46C2-9458-313027F0B7B0}.Template|x64.Build.0 = Template|x64
		{08F39A79-0CBB-46C2-9458-313027F0B7B0}.Template|x86.ActiveCfg = Template|Win32
		{08F39A79-0CBB-46C2-9458-313027F0B7B0}.Template|x86.Build.0 = Template|Win32
		{9AB954C5-859B-4A68-91F6-C9DD4169929A}.Debug Static|x64.ActiveCfg = Debug|x64
		{9AB954C5-859B-4A68-91F6-C9DD4169929A}.Debug Static|x64.Build.0 = Debug|x64
		{9AB954C5-859B-4A68-91F6-C9DD4169929A}.Debug Static|x86.ActiveCfg = Debug|Win32
		{9AB954C5-859B-4A68-91F6-C9DD4169929A}.Debug Static|x86.Build.0 = Debug|Win32
		{9AB954C5-859B-4A68-91F6-C9DD4169929A}.Debug Unicode|x64.ActiveCfg = Debug|x64
		{9AB954C5-859B-4A68-91F6-C9DD4169929A}.Debug Unicode|x64.Build.0 = Debug|x64
		{9AB954C5-859B-4A68-91F6-C9DD4169929A}.Debug Unicode|x86.ActiveCfg = Debug|Win32
		{9AB954C5-859B-4A68-91F6-C9DD4169929A}.Debug Unicode|x86.Build.0 = Debug|Win32
		{9AB954C5-859B-4A68-91F6-C9DD4169929A}.Debug|x64.ActiveCfg = Debug|x64
		{9AB954C5-859B-4A68-91F6-C9DD4169929A}.Debug|x86.ActiveCfg = Debug|Win32
		{9AB954C5-859B-4A68-91F6-C9DD4169929A}.Release Static|x64.ActiveCfg = Release|x64
		{9AB954C5-859B-4A68-91F6-C9DD4169929A}.Release Static|x64.Build.0 = Release|x64
		{9AB954C5-859B-4A68-91F6-C9DD4169929A}.Release Static|x86.ActiveCfg = Release|Win32
		{9AB954C5-859B-4A68-91F6-C9DD4169929A}.Release Static|x86.Build.0 = Release|Win32
		{9AB954C5-859B-4A68-91F6-C9DD4169929A}.Release Unicode|x64.ActiveCfg = Release|x64
		{9AB954C5-859B-4A68-91F6-C9DD4169929A}.Release Unicode|x64.Build.0 = Release|x64
		{9AB954C5-859B-4A68-91F6-C9DD4169929A}.Release Unicode|x86.ActiveCfg = Release|Win32
		{9AB954C5-859B-4A68-91F6-C9DD4169929A}.Release Unicode|x86.Build.0 = Release|Win32
		{9AB954C5-859B-4A68-91F6-C9DD4169929A}.Release|x64.ActiveCfg = Release|x64
		{9AB954C5-859B-4A68-91F6-C9DD4169929A}.Release|x86.ActiveCfg = Release|Win32
		{9AB954C5-859B-4A68-91F6-C9DD4169929A}.Template|x64.ActiveCfg = Template|x64
		{9AB954C5-859B-4A68-91F6-C9DD4169929A}.Template|x64.Build.0 = Template|x64
		{9AB954C5-859B-4A68-91F6-C9DD4169929A}.Template|x86.ActiveCfg = Template|Win32
		{9AB954C5-859B-4A68-91F6-C9DD4169929A}.Template|x86.Build.0 = Template|Win32
		{1152363E-6ABA-4F5F-A955-69873E8951A0}.Debug Static|x64.ActiveCfg = Debug Unicode|x64
		{1152363E-6ABA-4F5F-A955-69873E8951A0}.Debug Static|x64.Build.0 = Debug Unicode|x64
		{1152363E-6ABA-4F5F-A955-69873E8951A0}.Debug Static|x86.ActiveCfg = Debug Unicode|Win32
		{1152363E-6ABA-4F5F-A955-69873E8951A0}.Debug Static|x86.Build.0 = Debug Unicode|Win32
		{1152363E-6ABA-4F5F-A955-69873E8951A0}.Debug Unicode|x64.ActiveCfg = Debug Unicode|x64
		{1152363E-6ABA-4F5F-A955-69873E8951A0}.Debug Unicode|x64.Build.0 = Debug Unicode|x64
		{1152363E-6ABA-4F5F-A955-69873E8951A0}.Debug Unicode|x86.ActiveCfg = Debug Unicode|Win32
		{1152363E-6ABA-4F5F-A955-69873E8951A0}.Debug Unicode|x86.Build.0 = Debug Unicode|Win32
		{1152363E-6ABA-4F5F-A955-69873E8951A0}.Debug|x64.ActiveCfg = Debug|x64
		{1152363E-6ABA-4F5F-A955-69873E8951A0}.Debug|x86.ActiveCfg = Debug|Win32
		{1152363E-6ABA-4F5F-A955-69873E8951A0}.Release Static|x64.ActiveCfg = Release Unicode|x64
		{1152363E-6ABA-4F5F-A955-69873E8951A0}.Release Static|x64.Build.0 = Release Unicode|x64
		{1152363E-6ABA-4F5F-A955-69873E8951A0}.Release Static|x86.ActiveCfg = Release Unicode|Win32
		{1152363E-6ABA-4F5F-A955-69873E8951A0}.Release Static|x86.Build.0 = Release Unicode|Win32
		{1152363E-6ABA-4F5F-A955-69873E8951A0}.Release Unicode|x64.ActiveCfg = Release Unicode|x64
		{1152363E-6ABA-4F5F-A955-69873E8951A0}.Release Unicode|x64.Build.0 = Release Unicode|x64
		{1152363E-6ABA-4F5F-A955-69873E8951A0}.Release Unicode|x86.ActiveCfg = Release Unicode|Win32
		{1152363E-6ABA-4F5F-A955-69873E8951A0}.Release Unicode|x86.Build.0 = Release Unicode|Win32
		{1152363E-6ABA-4F5F-A955-69873E8951A0}.Release|x64.ActiveCfg = Release|x64
		{1152363E-6ABA-4F5F-A955-69873E8951A0}.Release|x86.ActiveCfg = Release|Win32
		{1152363E-6ABA-4F5F-A955-69873E8951A0}.Template|x64.ActiveCfg = Template|x64
		{1152363E-6ABA-4F5F-A955-69873E8951A0}.Template|x64.Build.0 = Template|x64
		{1152363E-6ABA-4F5F-A955-69873E8951A0}.Template|x86.ActiveCfg = Template|Win32
		{1152363E-6ABA-4F5F-A955-69873E8951A0}.Template|x86.Build.0 = Template|Win32
		{2314F334-94E4-47A6-AAF0-6A78D598521E}.Debug Static|x64.ActiveCfg = Debug|x64
		{2314F334-94E4-47A6-AAF0-6A78D598521E}.Debug Static|x64.Build.0 = Debug|x64
		{2314F334-94E4-47A6-AAF0-6A78D598521E}.Debug Static|x86.ActiveCfg = Debug|Win32
		{2314F334-94E4-47A6-AAF0-6A78D598521E}.Debug Static|x86.Build.0 = Debug|Win32
		{2314F334-94E4-47A6-AAF0-6A78D598521E}.Debug Unicode|x64.ActiveCfg = Debug|x64
		{2314F334-94E4-47A6-AAF0-6A78D598521E}.Debug Unicode|x64.Build.0 = Debug|x64
		{2314F334-94E4-47A6-AAF0-6A78D598521E}.Debug Unicode|x86.ActiveCfg = Debug|Win32
		{2314F334-94E4-47A6-AAF0-6A78D598521E}.Debug Unicode|x86.Build.0 = Debug|Win32
		{2314F334-94E4-47A6-AAF0-6A78D598521E}.Debug|x64.ActiveCfg = Debug|x64
		{2314F334-94E4-47A6-AAF0-6A78D598521E}.Debug|x64.Build.0 = Debug|x64
		{2314F334-94E4-47A6-AAF0-6A78D598521E}.Debug|x86.ActiveCfg = Debug|Win32
		{2314F334-94E4-47A6-AAF0-6A78D598521E}.Debug|x86.Build.0 = Debug|Win32
		{2314F334-94E4-47A6-AAF0-6A78D598521E}.Release Static|x64.ActiveCfg = Release|x64
		{2314F334-94E4-47A6-AAF0-6A78D598521E}.Release Static|x64.Build.0 = Release|x64
		{2314F334-94E4-47A6-AAF0-6A78D598521E}.Release Static|x86.ActiveCfg = Release|Win32
		{2314F334-94E4-47A6-AAF0-6A78D598521E}.Release Static|x86.Build.0 = Release|Win32
		{2314F334-94E4-47A6-AAF0-6A78D598521E}.Release Unicode|x64.ActiveCfg = Release|x64
		{2314F334-94E4-47A6-AAF0-6A78D598521E}.Release Unicode|x64.Build.0 = Release|x64
		{2314F334-94E4-47A6-AAF0-6A78D598521E}.Release Unicode|x86.ActiveCfg = Release|Win32
		{2314F334-94E4-47A6-AAF0-6A78D598521E}.Release Unicode|x86.Build.0 = Release|Win32
		{2314F334-94E4-47A6-AAF0-6A78D598521E}.Release|x64.ActiveCfg = Release|x64
		{2314F334-94E4-47A6-AAF0-6A78D598521E}.Release|x64.Build.0 = Release|x64
		{2314F334-94E4-47A6-AAF0-6A78D598521E}.Release|x86.ActiveCfg = Release|Win32
		{2314F334-94E4-47A6-AAF0-6A78D598521E}.Release|x86.Build.0 = Release|Win32
		{2314F334-94E4-47A6-AAF0-6A78D598521E}.Template|x64.ActiveCfg = Template|x64
		{2314F334-94E4-47A6-AAF0-6A78D598521E}.Template|x64.Build.0 = Template|x64
		{2314F334-94E4-47A6-AAF0-6A78D598521E}.Template|x86.ActiveCfg = Template|Win32
		{2314F334-94E4-47A6-AAF0-6A78D598521E}.Template|x86.Build.0 = Template|Win32
		{F918A481-CDE7-4AE0-8BD2-C0C3519F6482}.Debug Static|x64.ActiveCfg = Debug|x64
		{F918A481-CDE7-4AE0-8BD2-C0C3519F6482}.Debug Static|x64.Build.0 = Debug|x64
		{F918A481-CDE7-4AE0-8BD2-C0C3519F6482}.Debug Static|x86.ActiveCfg = Debug|Win32
		{F918A481-CDE7-4AE0-8BD2-C0C3519F6482}.Debug Static|x86.Build.0 = Debug|Win32
		{F918A481-CDE7-4AE0-8BD2-C0C3519F6482}.Debug Unicode|x64.ActiveCfg = Debug|x64
		{F918A481-CDE7-4AE0-8BD2-C0C3519F6482}.Debug Unicode|x64.Build.0 = Debug|x64
		{F918A481-CDE7-4AE0-8BD2-C0C3519F6482}.Debug Unicode|x86.ActiveCfg = Debug|Win32
		{F918A481-CDE7-4AE0-8BD2-C0C3519F6482}.Debug Unicode|x86.Build.0 = Debug|Win32
		{F918A481-CDE7-4AE0-8BD2-C0C3519F6482}.Debug|x64.ActiveCfg = Debug|x64
		{F918A481-CDE7-4AE0-8BD2-C0C3519F6482}.Debug|x64.Build.0 = Debug|x64
		{F918A481-CDE7-4AE0-8BD2-C0C3519F6482}.Debug|x86.ActiveCfg = Debug|Win32
		{F918A481-CDE7-4AE0-8BD2-C0C3519F6482}.Debug|x86.Build.0 = Debug|Win32
		{F918A481-CDE7-4AE0-8BD2-C0C3519F6482}.Release Static|x64.ActiveCfg = Release|x64
		{F918A481-CDE7-4AE0-8BD2-C0C3519F6482}.Release Static|x64.Build.0 = Release|x64
		{F918A481-CDE7-4AE0-8BD2-C0C3519F6482}.Release Static|x86.ActiveCfg = Release|Win32
		{F918A481-CDE7-4AE0-8BD2-C0C3519F6482}.Release Static|x86.Build.0 = Release|Win32
		{F918A481-CDE7-4AE0-8BD2-C0C3519F6482}.Release Unicode|x64.ActiveCfg = Release|x64
		{F918A481-CDE7-4AE0-8BD2-C0C3519F6482}.Release Unicode|x64.Build.0 = Release|x64
		{F918A481-CDE7-4AE0-8BD2-C0C3519F6482}.Release Unicode|x86.ActiveCfg = Release|Win32
		{F918A481-CDE7-4AE0-8BD2-C0C3519F6482}.Release Unicode|x86.Build.0 = Release|Win32
		{F918A481-CDE7-4AE0-8BD2-C0C3519F6482}.Release|x64.ActiveCfg = Release|x64
		{F918A481-CDE7-4AE0-8BD2-C0C3519F6482}.Release|x64.Build.0 = Release|x64
		{F918A481-CDE7-4AE0-8BD2-C0C3519F6482}.Release|x86.ActiveCfg = Release|Win32
		{F918A481-CDE7-4AE0-8BD2-C0C3519F6482}.Release|x86.Build.0 = Release|Win32
		{F918A481-CDE7-4AE0-8BD2-C0C3519F6482}.Template|x64.ActiveCfg = Template|x64
		{F918A481-CDE7-4AE0-8BD2-C0C3519F6482}.Template|x64.Build.0 = Template|x64
		{F918A481-CDE7-4AE0-8BD2-C0C3519F6482}.Template|x86.ActiveCfg = Template|Win32
		{F918A481-CDE7-4AE0-8BD2-C0C3519F6482}.Template|x86.Build.0 = Template|Win32
	EndGlobalSection
	GlobalSection(SolutionProperties) = preSolution
		HideSolutionNode = FALSE
	EndGlobalSection
EndGlobal
