<?xml version="1.0" encoding="utf-8"?>
<Project ToolsVersion="4.0" xmlns="http://schemas.microsoft.com/developer/msbuild/2003">
  <ItemGroup>
    <Filter Include="Source Files">
      <UniqueIdentifier>{f7e9b4c5-77ca-41f5-b366-d218e074a58f}</UniqueIdentifier>
      <Extensions>cpp;c;cxx;rc;def;r;odl;idl;hpj;bat</Extensions>
    </Filter>
    <Filter Include="Header Files">
      <UniqueIdentifier>{c6d8fec8-e6bf-4859-a1fc-f65898875f3b}</UniqueIdentifier>
      <Extensions>h;hpp;hxx;hm;inl</Extensions>
    </Filter>
    <Filter Include="Resource Files">
      <UniqueIdentifier>{ee046e0e-aec7-4099-83f0-8366b8f2e60b}</UniqueIdentifier>
      <Extensions>ico;cur;bmp;dlg;rc2;rct;bin;rgs;gif;jpg;jpeg;jpe</Extensions>
    </Filter>
  </ItemGroup>
  <ItemGroup>
    <ClCompile Include="DSAddIn.cpp">
      <Filter>Source Files</Filter>
    </ClCompile>
    <ClCompile Include="DSPlugIn.cpp">
      <Filter>Source Files</Filter>
    </ClCompile>
    <ClCompile Include="StdAfx.cpp">
      <Filter>Source Files</Filter>
    </ClCompile>
    <ClCompile Include="ToAddToDistribution\TestRunnerDSPluginVC6_i.c">
      <Filter>Source Files</Filter>
    </ClCompile>
  </ItemGroup>
  <ItemGroup>
    <ResourceCompile Include="DSPlugIn.rc">
      <Filter>Source Files</Filter>
    </ResourceCompile>
  </ItemGroup>
  <ItemGroup>
    <Midl Include="TestRunnerDSPlugin.idl">
      <Filter>Source Files</Filter>
    </Midl>
  </ItemGroup>
  <ItemGroup>
    <ClInclude Include="COMHelper.h">
      <Filter>Header Files</Filter>
    </ClInclude>
    <ClInclude Include="DSAddIn.h">
      <Filter>Header Files</Filter>
    </ClInclude>
    <ClInclude Include="DSPlugIn.h">
      <Filter>Header Files</Filter>
    </ClInclude>
    <ClInclude Include="Resource.h">
      <Filter>Header Files</Filter>
    </ClInclude>
    <ClInclude Include="StdAfx.h">
      <Filter>Header Files</Filter>
    </ClInclude>
  </ItemGroup>
  <ItemGroup>
    <Image Include="res\TBarLrge.bmp">
      <Filter>Resource Files</Filter>
    </Image>
    <Image Include="res\TBarMedm.bmp">
      <Filter>Resource Files</Filter>
    </Image>
  </ItemGroup>
  <ItemGroup>
    <Text Include="ReadMe.txt" />
  </ItemGroup>
  <ItemGroup>
    <CustomBuild Include="DSPlugIn.def">
      <Filter>Source Files</Filter>
    </CustomBuild>
    <CustomBuild Include="res\DSPlugIn.rc2">
      <Filter>Resource Files</Filter>
    </CustomBuild>
    <CustomBuild Include="DSPlugIn.rgs">
      <Filter>Resource Files</Filter>
    </CustomBuild>
    <CustomBuild Include="TestRunnerDSPlugin.tlb" />
  </ItemGroup>
</Project>