<?xml version="1.0" encoding="UTF-8"?>
<Project ToolsVersion="14.0" xmlns="http://schemas.microsoft.com/developer/msbuild/2003">
  <ItemGroup>
    <ClCompile Include="C:\tools\src\OpenCV\modules\video\test\ocl\test_bgfg_mog2.cpp">
      <Filter>Src\ocl</Filter>
    </ClCompile>
    <ClCompile Include="C:\tools\src\OpenCV\modules\video\test\ocl\test_optflow_farneback.cpp">
      <Filter>Src\ocl</Filter>
    </ClCompile>
    <ClCompile Include="C:\tools\src\OpenCV\modules\video\test\ocl\test_optflow_tvl1flow.cpp">
      <Filter>Src\ocl</Filter>
    </ClCompile>
    <ClCompile Include="C:\tools\src\OpenCV\modules\video\test\ocl\test_optflowpyrlk.cpp">
      <Filter>Src\ocl</Filter>
    </ClCompile>
    <ClCompile Include="C:\tools\src\OpenCV\modules\video\test\test_accum.cpp">
      <Filter>Src</Filter>
    </ClCompile>
    <ClCompile Include="C:\tools\src\OpenCV\modules\video\test\test_camshift.cpp">
      <Filter>Src</Filter>
    </ClCompile>
    <ClCompile Include="C:\tools\src\OpenCV\modules\video\test\test_ecc.cpp">
      <Filter>Src</Filter>
    </ClCompile>
    <ClCompile Include="C:\tools\src\OpenCV\modules\video\test\test_estimaterigid.cpp">
      <Filter>Src</Filter>
    </ClCompile>
    <ClCompile Include="C:\tools\src\OpenCV\modules\video\test\test_kalman.cpp">
      <Filter>Src</Filter>
    </ClCompile>
    <ClCompile Include="C:\tools\src\OpenCV\modules\video\test\test_main.cpp">
      <Filter>Src</Filter>
    </ClCompile>
    <ClCompile Include="C:\tools\src\OpenCV\modules\video\test\test_optflowpyrlk.cpp">
      <Filter>Src</Filter>
    </ClCompile>
    <ClCompile Include="C:\tools\src\OpenCV\modules\video\test\test_tvl1optflow.cpp">
      <Filter>Src</Filter>
    </ClCompile>
    <ClCompile Include="C:\tools\src\OpenCV\modules\video\opencv_test_video_pch.cpp">
      <Filter>Source Files</Filter>
    </ClCompile>
  </ItemGroup>
  <ItemGroup>
    <ClInclude Include="C:\tools\src\OpenCV\modules\video\test\test_precomp.hpp">
      <Filter>Include</Filter>
    </ClInclude>
  </ItemGroup>
  <ItemGroup>
    <CustomBuild Include="C:\tools\src\OpenCV\modules\video\CMakeLists.txt" />
  </ItemGroup>
  <ItemGroup>
    <Filter Include="Source Files">
      <UniqueIdentifier>{21FCBA3E-1157-3A49-82AE-80D1F847A128}</UniqueIdentifier>
    </Filter>
    <Filter Include="Src">
      <UniqueIdentifier>{5B958A8D-13EB-3757-B96E-7848412A72D4}</UniqueIdentifier>
    </Filter>
    <Filter Include="Include">
      <UniqueIdentifier>{8A2871E7-42A8-3905-9061-0CDAC1663539}</UniqueIdentifier>
    </Filter>
    <Filter Include="Src\ocl">
      <UniqueIdentifier>{E48719BF-1BDE-3D35-B7CD-1228F9ECED8D}</UniqueIdentifier>
    </Filter>
  </ItemGroup>
</Project>
