<?xml version="1.0" encoding="UTF-8"?>
<Project ToolsVersion="14.0" xmlns="http://schemas.microsoft.com/developer/msbuild/2003">
  <ItemGroup>
    <ClCompile Include="C:\tools\src\OpenCV\modules\core\src\algorithm.cpp">
      <Filter>Src</Filter>
    </ClCompile>
    <ClCompile Include="C:\tools\src\OpenCV\modules\core\src\alloc.cpp">
      <Filter>Src</Filter>
    </ClCompile>
    <ClCompile Include="C:\tools\src\OpenCV\modules\core\src\arithm.cpp">
      <Filter>Src</Filter>
    </ClCompile>
    <ClCompile Include="C:\tools\src\OpenCV\modules\core\src\array.cpp">
      <Filter>Src</Filter>
    </ClCompile>
    <ClCompile Include="C:\tools\src\OpenCV\modules\core\src\command_line_parser.cpp">
      <Filter>Src</Filter>
    </ClCompile>
    <ClCompile Include="C:\tools\src\OpenCV\modules\core\src\conjugate_gradient.cpp">
      <Filter>Src</Filter>
    </ClCompile>
    <ClCompile Include="C:\tools\src\OpenCV\modules\core\src\convert.cpp">
      <Filter>Src</Filter>
    </ClCompile>
    <ClCompile Include="C:\tools\src\OpenCV\modules\core\src\copy.cpp">
      <Filter>Src</Filter>
    </ClCompile>
    <ClCompile Include="C:\tools\src\OpenCV\modules\core\src\cuda_gpu_mat.cpp">
      <Filter>Src</Filter>
    </ClCompile>
    <ClCompile Include="C:\tools\src\OpenCV\modules\core\src\cuda_host_mem.cpp">
      <Filter>Src</Filter>
    </ClCompile>
    <ClCompile Include="C:\tools\src\OpenCV\modules\core\src\cuda_info.cpp">
      <Filter>Src</Filter>
    </ClCompile>
    <ClCompile Include="C:\tools\src\OpenCV\modules\core\src\cuda_stream.cpp">
      <Filter>Src</Filter>
    </ClCompile>
    <ClCompile Include="C:\tools\src\OpenCV\modules\core\src\datastructs.cpp">
      <Filter>Src</Filter>
    </ClCompile>
    <ClCompile Include="C:\tools\src\OpenCV\modules\core\src\directx.cpp">
      <Filter>Src</Filter>
    </ClCompile>
    <ClCompile Include="C:\tools\src\OpenCV\modules\core\src\downhill_simplex.cpp">
      <Filter>Src</Filter>
    </ClCompile>
    <ClCompile Include="C:\tools\src\OpenCV\modules\core\src\dxt.cpp">
      <Filter>Src</Filter>
    </ClCompile>
    <ClCompile Include="C:\tools\src\OpenCV\modules\core\src\gl_core_3_1.cpp">
      <Filter>Src</Filter>
    </ClCompile>
    <ClCompile Include="C:\tools\src\OpenCV\modules\core\src\glob.cpp">
      <Filter>Src</Filter>
    </ClCompile>
    <ClCompile Include="C:\tools\src\OpenCV\modules\core\src\hal_internal.cpp">
      <Filter>Src</Filter>
    </ClCompile>
    <ClCompile Include="C:\tools\src\OpenCV\modules\core\src\kmeans.cpp">
      <Filter>Src</Filter>
    </ClCompile>
    <ClCompile Include="C:\tools\src\OpenCV\modules\core\src\lapack.cpp">
      <Filter>Src</Filter>
    </ClCompile>
    <ClCompile Include="C:\tools\src\OpenCV\modules\core\src\lda.cpp">
      <Filter>Src</Filter>
    </ClCompile>
    <ClCompile Include="C:\tools\src\OpenCV\modules\core\src\lpsolver.cpp">
      <Filter>Src</Filter>
    </ClCompile>
    <ClCompile Include="C:\tools\src\OpenCV\modules\core\src\mathfuncs.cpp">
      <Filter>Src</Filter>
    </ClCompile>
    <ClCompile Include="C:\tools\src\OpenCV\modules\core\src\mathfuncs_core.cpp">
      <Filter>Src</Filter>
    </ClCompile>
    <ClCompile Include="C:\tools\src\OpenCV\modules\core\src\matmul.cpp">
      <Filter>Src</Filter>
    </ClCompile>
    <ClCompile Include="C:\tools\src\OpenCV\modules\core\src\matop.cpp">
      <Filter>Src</Filter>
    </ClCompile>
    <ClCompile Include="C:\tools\src\OpenCV\modules\core\src\matrix.cpp">
      <Filter>Src</Filter>
    </ClCompile>
    <ClCompile Include="C:\tools\src\OpenCV\modules\core\src\matrix_decomp.cpp">
      <Filter>Src</Filter>
    </ClCompile>
    <ClCompile Include="C:\tools\src\OpenCV\modules\core\src\merge.cpp">
      <Filter>Src</Filter>
    </ClCompile>
    <ClCompile Include="C:\tools\src\OpenCV\modules\core\src\ocl.cpp">
      <Filter>Src</Filter>
    </ClCompile>
    <ClCompile Include="C:\tools\src\OpenCV\modules\core\src\opencl\runtime\opencl_clamdblas.cpp">
      <Filter>Src\opencl\runtime</Filter>
    </ClCompile>
    <ClCompile Include="C:\tools\src\OpenCV\modules\core\src\opencl\runtime\opencl_clamdfft.cpp">
      <Filter>Src\opencl\runtime</Filter>
    </ClCompile>
    <ClCompile Include="C:\tools\src\OpenCV\modules\core\src\opencl\runtime\opencl_core.cpp">
      <Filter>Src\opencl\runtime</Filter>
    </ClCompile>
    <ClCompile Include="C:\tools\src\OpenCV\modules\core\src\opengl.cpp">
      <Filter>Src</Filter>
    </ClCompile>
    <ClCompile Include="C:\tools\src\OpenCV\modules\core\src\out.cpp">
      <Filter>Src</Filter>
    </ClCompile>
    <ClCompile Include="C:\tools\src\OpenCV\modules\core\src\parallel.cpp">
      <Filter>Src</Filter>
    </ClCompile>
    <ClCompile Include="C:\tools\src\OpenCV\modules\core\src\parallel_pthreads.cpp">
      <Filter>Src</Filter>
    </ClCompile>
    <ClCompile Include="C:\tools\src\OpenCV\modules\core\src\pca.cpp">
      <Filter>Src</Filter>
    </ClCompile>
    <ClCompile Include="C:\tools\src\OpenCV\modules\core\src\persistence.cpp">
      <Filter>Src</Filter>
    </ClCompile>
    <ClCompile Include="C:\tools\src\OpenCV\modules\core\src\rand.cpp">
      <Filter>Src</Filter>
    </ClCompile>
    <ClCompile Include="C:\tools\src\OpenCV\modules\core\src\split.cpp">
      <Filter>Src</Filter>
    </ClCompile>
    <ClCompile Include="C:\tools\src\OpenCV\modules\core\src\stat.cpp">
      <Filter>Src</Filter>
    </ClCompile>
    <ClCompile Include="C:\tools\src\OpenCV\modules\core\src\stl.cpp">
      <Filter>Src</Filter>
    </ClCompile>
    <ClCompile Include="C:\tools\src\OpenCV\modules\core\src\system.cpp">
      <Filter>Src</Filter>
    </ClCompile>
    <ClCompile Include="C:\tools\src\OpenCV\modules\core\src\tables.cpp">
      <Filter>Src</Filter>
    </ClCompile>
    <ClCompile Include="C:\tools\src\OpenCV\modules\core\src\types.cpp">
      <Filter>Src</Filter>
    </ClCompile>
    <ClCompile Include="C:\tools\src\OpenCV\modules\core\src\umatrix.cpp">
      <Filter>Src</Filter>
    </ClCompile>
    <ClCompile Include="C:\tools\src\OpenCV\modules\core\src\va_intel.cpp">
      <Filter>Src</Filter>
    </ClCompile>
    <ClCompile Include="C:\tools\src\OpenCV\modules\core\opencl_kernels_core.cpp">
      <Filter>Src\opencl\kernels\autogenerated</Filter>
    </ClCompile>
    <ClCompile Include="C:\tools\src\OpenCV\modules\core\opencv_core_pch.cpp">
      <Filter>Source Files</Filter>
    </ClCompile>
  </ItemGroup>
  <ItemGroup>
    <ClInclude Include="C:\tools\src\OpenCV\modules\core\include\opencv2\core\cuda\block.hpp">
      <Filter>Cuda Headers</Filter>
    </ClInclude>
    <ClInclude Include="C:\tools\src\OpenCV\modules\core\include\opencv2\core\cuda\border_interpolate.hpp">
      <Filter>Cuda Headers</Filter>
    </ClInclude>
    <ClInclude Include="C:\tools\src\OpenCV\modules\core\include\opencv2\core\cuda\color.hpp">
      <Filter>Cuda Headers</Filter>
    </ClInclude>
    <ClInclude Include="C:\tools\src\OpenCV\modules\core\include\opencv2\core\cuda\common.hpp">
      <Filter>Cuda Headers</Filter>
    </ClInclude>
    <ClInclude Include="C:\tools\src\OpenCV\modules\core\include\opencv2\core\cuda\datamov_utils.hpp">
      <Filter>Cuda Headers</Filter>
    </ClInclude>
    <ClInclude Include="C:\tools\src\OpenCV\modules\core\include\opencv2\core\cuda\dynamic_smem.hpp">
      <Filter>Cuda Headers</Filter>
    </ClInclude>
    <ClInclude Include="C:\tools\src\OpenCV\modules\core\include\opencv2\core\cuda\emulation.hpp">
      <Filter>Cuda Headers</Filter>
    </ClInclude>
    <ClInclude Include="C:\tools\src\OpenCV\modules\core\include\opencv2\core\cuda\filters.hpp">
      <Filter>Cuda Headers</Filter>
    </ClInclude>
    <ClInclude Include="C:\tools\src\OpenCV\modules\core\include\opencv2\core\cuda\funcattrib.hpp">
      <Filter>Cuda Headers</Filter>
    </ClInclude>
    <ClInclude Include="C:\tools\src\OpenCV\modules\core\include\opencv2\core\cuda\functional.hpp">
      <Filter>Cuda Headers</Filter>
    </ClInclude>
    <ClInclude Include="C:\tools\src\OpenCV\modules\core\include\opencv2\core\cuda\limits.hpp">
      <Filter>Cuda Headers</Filter>
    </ClInclude>
    <ClInclude Include="C:\tools\src\OpenCV\modules\core\include\opencv2\core\cuda\reduce.hpp">
      <Filter>Cuda Headers</Filter>
    </ClInclude>
    <ClInclude Include="C:\tools\src\OpenCV\modules\core\include\opencv2\core\cuda\saturate_cast.hpp">
      <Filter>Cuda Headers</Filter>
    </ClInclude>
    <ClInclude Include="C:\tools\src\OpenCV\modules\core\include\opencv2\core\cuda\scan.hpp">
      <Filter>Cuda Headers</Filter>
    </ClInclude>
    <ClInclude Include="C:\tools\src\OpenCV\modules\core\include\opencv2\core\cuda\simd_functions.hpp">
      <Filter>Cuda Headers</Filter>
    </ClInclude>
    <ClInclude Include="C:\tools\src\OpenCV\modules\core\include\opencv2\core\cuda\transform.hpp">
      <Filter>Cuda Headers</Filter>
    </ClInclude>
    <ClInclude Include="C:\tools\src\OpenCV\modules\core\include\opencv2\core\cuda\type_traits.hpp">
      <Filter>Cuda Headers</Filter>
    </ClInclude>
    <ClInclude Include="C:\tools\src\OpenCV\modules\core\include\opencv2\core\cuda\utility.hpp">
      <Filter>Cuda Headers</Filter>
    </ClInclude>
    <ClInclude Include="C:\tools\src\OpenCV\modules\core\include\opencv2\core\cuda\vec_distance.hpp">
      <Filter>Cuda Headers</Filter>
    </ClInclude>
    <ClInclude Include="C:\tools\src\OpenCV\modules\core\include\opencv2\core\cuda\vec_math.hpp">
      <Filter>Cuda Headers</Filter>
    </ClInclude>
    <ClInclude Include="C:\tools\src\OpenCV\modules\core\include\opencv2\core\cuda\vec_traits.hpp">
      <Filter>Cuda Headers</Filter>
    </ClInclude>
    <ClInclude Include="C:\tools\src\OpenCV\modules\core\include\opencv2\core\cuda\warp.hpp">
      <Filter>Cuda Headers</Filter>
    </ClInclude>
    <ClInclude Include="C:\tools\src\OpenCV\modules\core\include\opencv2\core\cuda\warp_reduce.hpp">
      <Filter>Cuda Headers</Filter>
    </ClInclude>
    <ClInclude Include="C:\tools\src\OpenCV\modules\core\include\opencv2\core\cuda\warp_shuffle.hpp">
      <Filter>Cuda Headers</Filter>
    </ClInclude>
    <ClInclude Include="C:\tools\src\OpenCV\modules\core\include\opencv2\core\cuda\detail\color_detail.hpp">
      <Filter>Cuda Headers\Detail</Filter>
    </ClInclude>
    <ClInclude Include="C:\tools\src\OpenCV\modules\core\include\opencv2\core\cuda\detail\reduce.hpp">
      <Filter>Cuda Headers\Detail</Filter>
    </ClInclude>
    <ClInclude Include="C:\tools\src\OpenCV\modules\core\include\opencv2\core\cuda\detail\reduce_key_val.hpp">
      <Filter>Cuda Headers\Detail</Filter>
    </ClInclude>
    <ClInclude Include="C:\tools\src\OpenCV\modules\core\include\opencv2\core\cuda\detail\transform_detail.hpp">
      <Filter>Cuda Headers\Detail</Filter>
    </ClInclude>
    <ClInclude Include="C:\tools\src\OpenCV\modules\core\include\opencv2\core\cuda\detail\type_traits_detail.hpp">
      <Filter>Cuda Headers\Detail</Filter>
    </ClInclude>
    <ClInclude Include="C:\tools\src\OpenCV\modules\core\include\opencv2\core\cuda\detail\vec_distance_detail.hpp">
      <Filter>Cuda Headers\Detail</Filter>
    </ClInclude>
    <ClInclude Include="C:\tools\src\OpenCV\modules\core\include\opencv2\core.hpp">
      <Filter>Include\opencv2</Filter>
    </ClInclude>
    <ClInclude Include="C:\tools\src\OpenCV\modules\core\include\opencv2\core\affine.hpp">
      <Filter>Include\opencv2\core</Filter>
    </ClInclude>
    <ClInclude Include="C:\tools\src\OpenCV\modules\core\include\opencv2\core\base.hpp">
      <Filter>Include\opencv2\core</Filter>
    </ClInclude>
    <ClInclude Include="C:\tools\src\OpenCV\modules\core\include\opencv2\core\bufferpool.hpp">
      <Filter>Include\opencv2\core</Filter>
    </ClInclude>
    <ClInclude Include="C:\tools\src\OpenCV\modules\core\include\opencv2\core\core.hpp">
      <Filter>Include\opencv2\core</Filter>
    </ClInclude>
    <ClInclude Include="C:\tools\src\OpenCV\modules\core\include\opencv2\core\cuda.hpp">
      <Filter>Include\opencv2\core</Filter>
    </ClInclude>
    <ClInclude Include="C:\tools\src\OpenCV\modules\core\include\opencv2\core\cuda.inl.hpp">
      <Filter>Include\opencv2\core</Filter>
    </ClInclude>
    <ClInclude Include="C:\tools\src\OpenCV\modules\core\include\opencv2\core\cuda_stream_accessor.hpp">
      <Filter>Include\opencv2\core</Filter>
    </ClInclude>
    <ClInclude Include="C:\tools\src\OpenCV\modules\core\include\opencv2\core\cuda_types.hpp">
      <Filter>Include\opencv2\core</Filter>
    </ClInclude>
    <ClInclude Include="C:\tools\src\OpenCV\modules\core\include\opencv2\core\cvstd.hpp">
      <Filter>Include\opencv2\core</Filter>
    </ClInclude>
    <ClInclude Include="C:\tools\src\OpenCV\modules\core\include\opencv2\core\cvstd.inl.hpp">
      <Filter>Include\opencv2\core</Filter>
    </ClInclude>
    <ClInclude Include="C:\tools\src\OpenCV\modules\core\include\opencv2\core\directx.hpp">
      <Filter>Include\opencv2\core</Filter>
    </ClInclude>
    <ClInclude Include="C:\tools\src\OpenCV\modules\core\include\opencv2\core\eigen.hpp">
      <Filter>Include\opencv2\core</Filter>
    </ClInclude>
    <ClInclude Include="C:\tools\src\OpenCV\modules\core\include\opencv2\core\fast_math.hpp">
      <Filter>Include\opencv2\core</Filter>
    </ClInclude>
    <ClInclude Include="C:\tools\src\OpenCV\modules\core\include\opencv2\core\ippasync.hpp">
      <Filter>Include\opencv2\core</Filter>
    </ClInclude>
    <ClInclude Include="C:\tools\src\OpenCV\modules\core\include\opencv2\core\mat.hpp">
      <Filter>Include\opencv2\core</Filter>
    </ClInclude>
    <ClInclude Include="C:\tools\src\OpenCV\modules\core\include\opencv2\core\mat.inl.hpp">
      <Filter>Include\opencv2\core</Filter>
    </ClInclude>
    <ClInclude Include="C:\tools\src\OpenCV\modules\core\include\opencv2\core\matx.hpp">
      <Filter>Include\opencv2\core</Filter>
    </ClInclude>
    <ClInclude Include="C:\tools\src\OpenCV\modules\core\include\opencv2\core\neon_utils.hpp">
      <Filter>Include\opencv2\core</Filter>
    </ClInclude>
    <ClInclude Include="C:\tools\src\OpenCV\modules\core\include\opencv2\core\ocl.hpp">
      <Filter>Include\opencv2\core</Filter>
    </ClInclude>
    <ClInclude Include="C:\tools\src\OpenCV\modules\core\include\opencv2\core\ocl_genbase.hpp">
      <Filter>Include\opencv2\core</Filter>
    </ClInclude>
    <ClInclude Include="C:\tools\src\OpenCV\modules\core\include\opencv2\core\opengl.hpp">
      <Filter>Include\opencv2\core</Filter>
    </ClInclude>
    <ClInclude Include="C:\tools\src\OpenCV\modules\core\include\opencv2\core\operations.hpp">
      <Filter>Include\opencv2\core</Filter>
    </ClInclude>
    <ClInclude Include="C:\tools\src\OpenCV\modules\core\include\opencv2\core\optim.hpp">
      <Filter>Include\opencv2\core</Filter>
    </ClInclude>
    <ClInclude Include="C:\tools\src\OpenCV\modules\core\include\opencv2\core\persistence.hpp">
      <Filter>Include\opencv2\core</Filter>
    </ClInclude>
    <ClInclude Include="C:\tools\src\OpenCV\modules\core\include\opencv2\core\private.cuda.hpp">
      <Filter>Include\opencv2\core</Filter>
    </ClInclude>
    <ClInclude Include="C:\tools\src\OpenCV\modules\core\include\opencv2\core\private.hpp">
      <Filter>Include\opencv2\core</Filter>
    </ClInclude>
    <ClInclude Include="C:\tools\src\OpenCV\modules\core\include\opencv2\core\ptr.inl.hpp">
      <Filter>Include\opencv2\core</Filter>
    </ClInclude>
    <ClInclude Include="C:\tools\src\OpenCV\modules\core\include\opencv2\core\saturate.hpp">
      <Filter>Include\opencv2\core</Filter>
    </ClInclude>
    <ClInclude Include="C:\tools\src\OpenCV\modules\core\include\opencv2\core\sse_utils.hpp">
      <Filter>Include\opencv2\core</Filter>
    </ClInclude>
    <ClInclude Include="C:\tools\src\OpenCV\modules\core\include\opencv2\core\traits.hpp">
      <Filter>Include\opencv2\core</Filter>
    </ClInclude>
    <ClInclude Include="C:\tools\src\OpenCV\modules\core\include\opencv2\core\types.hpp">
      <Filter>Include\opencv2\core</Filter>
    </ClInclude>
    <ClInclude Include="C:\tools\src\OpenCV\modules\core\include\opencv2\core\utility.hpp">
      <Filter>Include\opencv2\core</Filter>
    </ClInclude>
    <ClInclude Include="C:\tools\src\OpenCV\modules\core\include\opencv2\core\va_intel.hpp">
      <Filter>Include\opencv2\core</Filter>
    </ClInclude>
    <ClInclude Include="C:\tools\src\OpenCV\modules\core\include\opencv2\core\version.hpp">
      <Filter>Include\opencv2\core</Filter>
    </ClInclude>
    <ClInclude Include="C:\tools\src\OpenCV\modules\core\include\opencv2\core\wimage.hpp">
      <Filter>Include\opencv2\core</Filter>
    </ClInclude>
    <ClInclude Include="C:\tools\src\OpenCV\modules\core\include\opencv2\core\core_c.h">
      <Filter>Include\opencv2\core</Filter>
    </ClInclude>
    <ClInclude Include="C:\tools\src\OpenCV\modules\core\include\opencv2\core\cvdef.h">
      <Filter>Include\opencv2\core</Filter>
    </ClInclude>
    <ClInclude Include="C:\tools\src\OpenCV\modules\core\include\opencv2\core\types_c.h">
      <Filter>Include\opencv2\core</Filter>
    </ClInclude>
    <ClInclude Include="C:\tools\src\OpenCV\modules\core\include\opencv2\core\hal\hal.hpp">
      <Filter>Include\opencv2\core\hal</Filter>
    </ClInclude>
    <ClInclude Include="C:\tools\src\OpenCV\modules\core\include\opencv2\core\hal\intrin.hpp">
      <Filter>Include\opencv2\core\hal</Filter>
    </ClInclude>
    <ClInclude Include="C:\tools\src\OpenCV\modules\core\include\opencv2\core\hal\intrin_cpp.hpp">
      <Filter>Include\opencv2\core\hal</Filter>
    </ClInclude>
    <ClInclude Include="C:\tools\src\OpenCV\modules\core\include\opencv2\core\hal\intrin_neon.hpp">
      <Filter>Include\opencv2\core\hal</Filter>
    </ClInclude>
    <ClInclude Include="C:\tools\src\OpenCV\modules\core\include\opencv2\core\hal\intrin_sse.hpp">
      <Filter>Include\opencv2\core\hal</Filter>
    </ClInclude>
    <ClInclude Include="C:\tools\src\OpenCV\modules\core\include\opencv2\core\hal\interface.h">
      <Filter>Include\opencv2\core\hal</Filter>
    </ClInclude>
    <ClInclude Include="C:\tools\src\OpenCV\modules\core\opencl_kernels_core.hpp">
      <Filter>Src\opencl\kernels\autogenerated</Filter>
    </ClInclude>
    <ClInclude Include="C:\tools\src\OpenCV\modules\core\src\arithm_core.hpp">
      <Filter>Src</Filter>
    </ClInclude>
    <ClInclude Include="C:\tools\src\OpenCV\modules\core\src\arithm_simd.hpp">
      <Filter>Src</Filter>
    </ClInclude>
    <ClInclude Include="C:\tools\src\OpenCV\modules\core\src\bufferpool.impl.hpp">
      <Filter>Src</Filter>
    </ClInclude>
    <ClInclude Include="C:\tools\src\OpenCV\modules\core\src\directx.inc.hpp">
      <Filter>Src</Filter>
    </ClInclude>
    <ClInclude Include="C:\tools\src\OpenCV\modules\core\src\gl_core_3_1.hpp">
      <Filter>Src</Filter>
    </ClInclude>
    <ClInclude Include="C:\tools\src\OpenCV\modules\core\src\hal_internal.hpp">
      <Filter>Src</Filter>
    </ClInclude>
    <ClInclude Include="C:\tools\src\OpenCV\modules\core\src\hal_replacement.hpp">
      <Filter>Src</Filter>
    </ClInclude>
    <ClInclude Include="C:\tools\src\OpenCV\modules\core\src\opencl\runtime\autogenerated\opencl_clamdblas_impl.hpp">
      <Filter>Src\opencl\runtime\autogenerated</Filter>
    </ClInclude>
    <ClInclude Include="C:\tools\src\OpenCV\modules\core\src\opencl\runtime\autogenerated\opencl_clamdfft_impl.hpp">
      <Filter>Src\opencl\runtime\autogenerated</Filter>
    </ClInclude>
    <ClInclude Include="C:\tools\src\OpenCV\modules\core\src\opencl\runtime\autogenerated\opencl_core_impl.hpp">
      <Filter>Src\opencl\runtime\autogenerated</Filter>
    </ClInclude>
    <ClInclude Include="C:\tools\src\OpenCV\modules\core\src\opencl\runtime\autogenerated\opencl_gl_impl.hpp">
      <Filter>Src\opencl\runtime\autogenerated</Filter>
    </ClInclude>
    <ClInclude Include="C:\tools\src\OpenCV\modules\core\src\opencl\runtime\runtime_common.hpp">
      <Filter>Src\opencl\runtime</Filter>
    </ClInclude>
    <ClInclude Include="C:\tools\src\OpenCV\modules\core\src\precomp.hpp">
      <Filter>Src</Filter>
    </ClInclude>
    <ClInclude Include="C:\tools\src\OpenCV\cvconfig.h">
      <Filter>Header Files</Filter>
    </ClInclude>
    <ClInclude Include="C:\tools\src\OpenCV\opencv2\opencv_modules.hpp">
      <Filter>Header Files</Filter>
    </ClInclude>
  </ItemGroup>
  <ItemGroup>
    <CustomBuild Include="C:\tools\src\OpenCV\modules\core\CMakeLists.txt" />
    <CustomBuild Include="C:\tools\src\OpenCV\CMakeFiles\00a1ef3574680aa719a237bdff725bfb\opencl_kernels_core.cpp.rule">
      <Filter>CMake Rules</Filter>
    </CustomBuild>
  </ItemGroup>
  <ItemGroup>
    <Filter Include="Src\opencl">
      <UniqueIdentifier>{1568B8C2-25C6-33BB-8A0C-751C636A5122}</UniqueIdentifier>
    </Filter>
    <Filter Include="Include\opencv2">
      <UniqueIdentifier>{9B7C790E-8754-3212-A223-832FD02AED65}</UniqueIdentifier>
    </Filter>
    <Filter Include="Cuda Headers\Detail">
      <UniqueIdentifier>{0F49B275-151A-3E4D-908D-6F974DCD2DC6}</UniqueIdentifier>
    </Filter>
    <Filter Include="Src\opencl\runtime\autogenerated">
      <UniqueIdentifier>{88DA0C3C-FECA-37CB-B14D-79345CF07149}</UniqueIdentifier>
    </Filter>
    <Filter Include="Src\opencl\kernels\autogenerated">
      <UniqueIdentifier>{5D852033-E756-35F0-A235-01B2FB2E8C30}</UniqueIdentifier>
    </Filter>
    <Filter Include="Include\opencv2\core">
      <UniqueIdentifier>{3FDA1BDC-ECB4-3E8E-852B-C8A8B05123FF}</UniqueIdentifier>
    </Filter>
    <Filter Include="Include\opencv2\core\hal">
      <UniqueIdentifier>{7329732F-BB74-3FE7-B80F-170882B60BCF}</UniqueIdentifier>
    </Filter>
    <Filter Include="Source Files">
      <UniqueIdentifier>{21FCBA3E-1157-3A49-82AE-80D1F847A128}</UniqueIdentifier>
    </Filter>
    <Filter Include="Header Files">
      <UniqueIdentifier>{3A52694C-01F8-309F-B083-EE4803CA5AC8}</UniqueIdentifier>
    </Filter>
    <Filter Include="CMake Rules">
      <UniqueIdentifier>{43B09869-DF13-3107-AE82-47643196EE60}</UniqueIdentifier>
    </Filter>
    <Filter Include="Cuda Headers">
      <UniqueIdentifier>{7A2C667C-2A34-3681-A232-F805E3997165}</UniqueIdentifier>
    </Filter>
    <Filter Include="Src">
      <UniqueIdentifier>{5B958A8D-13EB-3757-B96E-7848412A72D4}</UniqueIdentifier>
    </Filter>
    <Filter Include="Include">
      <UniqueIdentifier>{8A2871E7-42A8-3905-9061-0CDAC1663539}</UniqueIdentifier>
    </Filter>
    <Filter Include="Src\opencl\runtime">
      <UniqueIdentifier>{EBC6A5AE-EA53-3A46-8B4C-612104D43304}</UniqueIdentifier>
    </Filter>
    <Filter Include="Src\opencl\kernels">
      <UniqueIdentifier>{041A75F2-05AD-395A-89CF-46FD54D6AAD2}</UniqueIdentifier>
    </Filter>
  </ItemGroup>
</Project>
