<?xml version="1.0" encoding="utf-8"?>
<Project ToolsVersion="4.0" xmlns="http://schemas.microsoft.com/developer/msbuild/2003">
  <ItemGroup>
    <Filter Include="Source Files">
      <UniqueIdentifier>{8b71e6ec-4179-429c-adf1-48a539903154}</UniqueIdentifier>
      <Extensions>.c</Extensions>
    </Filter>
  </ItemGroup>
  <ItemGroup>
    <ClCompile Include="samples\timer.c">
      <Filter>Source Files</Filter>
    </ClCompile>
  </ItemGroup>
</Project>