<?xml version="1.0" encoding="utf-8"?>
<Project ToolsVersion="4.0" xmlns="http://schemas.microsoft.com/developer/msbuild/2003">
  <ItemGroup>
    <Filter Include="Source Files">
      <UniqueIdentifier>{bcb4e363-55a4-4a07-8b02-dc44bd7cd423}</UniqueIdentifier>
      <Extensions>.c</Extensions>
    </Filter>
  </ItemGroup>
  <ItemGroup>
    <ClCompile Include="samples\getfile.c">
      <Filter>Source Files</Filter>
    </ClCompile>
  </ItemGroup>
</Project>