<?xml version="1.0" encoding="utf-8"?>
<Project ToolsVersion="4.0" xmlns="http://schemas.microsoft.com/developer/msbuild/2003">
  <ItemGroup>
    <Filter Include="Source Files">
      <UniqueIdentifier>{e70d575a-4d00-4002-b6e4-29c4c868d00b}</UniqueIdentifier>
      <Extensions>.c</Extensions>
    </Filter>
  </ItemGroup>
  <ItemGroup>
    <ClCompile Include="samples\threadpool.c">
      <Filter>Source Files</Filter>
    </ClCompile>
  </ItemGroup>
</Project>