<?xml version="1.0" encoding="utf-8"?>
<Project ToolsVersion="4.0" xmlns="http://schemas.microsoft.com/developer/msbuild/2003">
  <ItemGroup>
    <Filter Include="Resource Files">
      <UniqueIdentifier>{dab7dbd6-9997-4e10-b10c-e8caeafdd362}</UniqueIdentifier>
      <Extensions>ico;cur;bmp;dlg;rc2;rct;bin;rgs;gif;jpg;jpeg;jpe</Extensions>
    </Filter>
    <Filter Include="Gui">
      <UniqueIdentifier>{a4e58ec4-4e3d-4809-a61b-b8ce91b25f13}</UniqueIdentifier>
    </Filter>
    <Filter Include="Interface">
      <UniqueIdentifier>{41274ecc-9782-42a4-9087-9196b297d64e}</UniqueIdentifier>
    </Filter>
    <Filter Include="Models">
      <UniqueIdentifier>{6ec330e6-07ef-4392-958b-34a23a862ffc}</UniqueIdentifier>
    </Filter>
    <Filter Include="DLL">
      <UniqueIdentifier>{dd569a67-dd8b-468e-b320-d2b59e38d7fc}</UniqueIdentifier>
    </Filter>
    <Filter Include="TestRunner-Was-In-Dll">
      <UniqueIdentifier>{54a6980f-e339-4c6a-9cc3-3e96b7bb8ed4}</UniqueIdentifier>
    </Filter>
    <Filter Include="TestRunner-Was-In-Dll\UserInterface">
      <UniqueIdentifier>{13fff27a-39ee-4953-8046-25d8ad36c254}</UniqueIdentifier>
    </Filter>
    <Filter Include="TestRunner-Was-In-Dll\UserInterface\DynamicWindow">
      <UniqueIdentifier>{c2418b2b-ad3f-4ad5-8f4c-a0bb79c4b1ef}</UniqueIdentifier>
    </Filter>
    <Filter Include="TestRunner-Was-In-Dll\Components">
      <UniqueIdentifier>{ebba73bf-799f-489a-99da-2091501616a0}</UniqueIdentifier>
    </Filter>
    <Filter Include="TestRunner-Was-In-Dll\NewFiles">
      <UniqueIdentifier>{16b2bf18-9f36-40da-a1f7-a8e579d41bcf}</UniqueIdentifier>
    </Filter>
  </ItemGroup>
  <ItemGroup>
    <Image Include="res\errortype.bmp">
      <Filter>Resource Files</Filter>
    </Image>
    <Image Include="res\ico00001.ico">
      <Filter>Resource Files</Filter>
    </Image>
    <Image Include="..\testrunner\res\ico00001.ico">
      <Filter>Resource Files</Filter>
    </Image>
    <Image Include="..\testrunner\res\ico00002.ico">
      <Filter>Resource Files</Filter>
    </Image>
    <Image Include="..\testrunner\res\idr_test.ico">
      <Filter>Resource Files</Filter>
    </Image>
    <Image Include="res\test_type.bmp">
      <Filter>Resource Files</Filter>
    </Image>
    <Image Include="..\testrunner\res\test_type.bmp">
      <Filter>Resource Files</Filter>
    </Image>
    <Image Include="res\TestPlugInRunner.ico">
      <Filter>Resource Files</Filter>
    </Image>
    <Image Include="..\testrunner\res\tfwkui_r.bmp">
      <Filter>Resource Files</Filter>
    </Image>
  </ItemGroup>
  <ItemGroup>
    <ClInclude Include="Resource.h">
      <Filter>Gui</Filter>
    </ClInclude>
    <ClInclude Include="StdAfx.h">
      <Filter>Gui</Filter>
    </ClInclude>
    <ClInclude Include="TestPlugInRunnerApp.h">
      <Filter>Gui</Filter>
    </ClInclude>
    <ClInclude Include="TestPlugInRunnerDlg.h">
      <Filter>Gui</Filter>
    </ClInclude>
    <ClInclude Include="..\..\..\include\msvc6\testrunner\TestPlugInInterface.h">
      <Filter>Interface</Filter>
    </ClInclude>
    <ClInclude Include="TestPlugIn.h">
      <Filter>Models</Filter>
    </ClInclude>
    <ClInclude Include="TestPlugInException.h">
      <Filter>Models</Filter>
    </ClInclude>
    <ClInclude Include="TestPlugInRunnerModel.h">
      <Filter>Models</Filter>
    </ClInclude>
    <ClInclude Include="..\testrunner\DynamicWindow\cdxCDynamicBar.h">
      <Filter>TestRunner-Was-In-Dll\UserInterface\DynamicWindow</Filter>
    </ClInclude>
    <ClInclude Include="..\testrunner\DynamicWindow\cdxCDynamicControlsManager.h">
      <Filter>TestRunner-Was-In-Dll\UserInterface\DynamicWindow</Filter>
    </ClInclude>
    <ClInclude Include="..\testrunner\DynamicWindow\cdxCDynamicDialog.h">
      <Filter>TestRunner-Was-In-Dll\UserInterface\DynamicWindow</Filter>
    </ClInclude>
    <ClInclude Include="..\testrunner\DynamicWindow\cdxCDynamicFormView.h">
      <Filter>TestRunner-Was-In-Dll\UserInterface\DynamicWindow</Filter>
    </ClInclude>
    <ClInclude Include="..\testrunner\DynamicWindow\cdxCDynamicPropSheet.h">
      <Filter>TestRunner-Was-In-Dll\UserInterface\DynamicWindow</Filter>
    </ClInclude>
    <ClInclude Include="..\testrunner\DynamicWindow\cdxCDynamicWnd.h">
      <Filter>TestRunner-Was-In-Dll\UserInterface\DynamicWindow</Filter>
    </ClInclude>
    <ClInclude Include="..\testrunner\DynamicWindow\cdxCDynamicWndEx.h">
      <Filter>TestRunner-Was-In-Dll\UserInterface\DynamicWindow</Filter>
    </ClInclude>
    <ClInclude Include="..\testrunner\DynamicWindow\cdxCSizeIconCtrl.h">
      <Filter>TestRunner-Was-In-Dll\UserInterface\DynamicWindow</Filter>
    </ClInclude>
    <ClInclude Include="..\testrunner\DynamicWindow\SizeCBar.h">
      <Filter>TestRunner-Was-In-Dll\UserInterface\DynamicWindow</Filter>
    </ClInclude>
    <ClInclude Include="..\testrunner\ListCtrlFormatter.h">
      <Filter>TestRunner-Was-In-Dll\UserInterface</Filter>
    </ClInclude>
    <ClInclude Include="..\testrunner\ListCtrlSetter.h">
      <Filter>TestRunner-Was-In-Dll\UserInterface</Filter>
    </ClInclude>
    <ClInclude Include="..\testrunner\MsDevCallerListCtrl.h">
      <Filter>TestRunner-Was-In-Dll\UserInterface</Filter>
    </ClInclude>
    <ClInclude Include="..\testrunner\ProgressBar.h">
      <Filter>TestRunner-Was-In-Dll\UserInterface</Filter>
    </ClInclude>
    <ClInclude Include="..\testrunner\ResourceLoaders.h">
      <Filter>TestRunner-Was-In-Dll\UserInterface</Filter>
    </ClInclude>
    <ClInclude Include="..\testrunner\TestRunnerDlg.h">
      <Filter>TestRunner-Was-In-Dll\UserInterface</Filter>
    </ClInclude>
    <ClInclude Include="..\testrunner\TreeHierarchyDlg.h">
      <Filter>TestRunner-Was-In-Dll\UserInterface</Filter>
    </ClInclude>
    <ClInclude Include="..\testrunner\ActiveTest.h">
      <Filter>TestRunner-Was-In-Dll\Components</Filter>
    </ClInclude>
    <ClInclude Include="..\testrunner\MfcSynchronizationObject.h">
      <Filter>TestRunner-Was-In-Dll\Components</Filter>
    </ClInclude>
    <ClInclude Include="..\testrunner\TestRunnerModel.h">
      <Filter>TestRunner-Was-In-Dll\Components</Filter>
    </ClInclude>
    <ClInclude Include="..\testrunner\MostRecentTests.h">
      <Filter>TestRunner-Was-In-Dll\NewFiles</Filter>
    </ClInclude>
  </ItemGroup>
  <ItemGroup>
    <ClCompile Include="StdAfx.cpp">
      <Filter>Gui</Filter>
    </ClCompile>
    <ClCompile Include="TestPlugInRunnerApp.cpp">
      <Filter>Gui</Filter>
    </ClCompile>
    <ClCompile Include="TestPlugInRunnerDlg.cpp">
      <Filter>Gui</Filter>
    </ClCompile>
    <ClCompile Include="TestPlugIn.cpp">
      <Filter>Models</Filter>
    </ClCompile>
    <ClCompile Include="TestPlugInException.cpp">
      <Filter>Models</Filter>
    </ClCompile>
    <ClCompile Include="TestPlugInRunnerModel.cpp">
      <Filter>Models</Filter>
    </ClCompile>
    <ClCompile Include="..\testrunner\DynamicWindow\cdxCDynamicBar.cpp">
      <Filter>TestRunner-Was-In-Dll\UserInterface\DynamicWindow</Filter>
    </ClCompile>
    <ClCompile Include="..\testrunner\DynamicWindow\cdxCDynamicControlsManager.cpp">
      <Filter>TestRunner-Was-In-Dll\UserInterface\DynamicWindow</Filter>
    </ClCompile>
    <ClCompile Include="..\testrunner\DynamicWindow\cdxCDynamicDialog.cpp">
      <Filter>TestRunner-Was-In-Dll\UserInterface\DynamicWindow</Filter>
    </ClCompile>
    <ClCompile Include="..\testrunner\DynamicWindow\cdxCDynamicFormView.cpp">
      <Filter>TestRunner-Was-In-Dll\UserInterface\DynamicWindow</Filter>
    </ClCompile>
    <ClCompile Include="..\testrunner\DynamicWindow\cdxCDynamicPropSheet.cpp">
      <Filter>TestRunner-Was-In-Dll\UserInterface\DynamicWindow</Filter>
    </ClCompile>
    <ClCompile Include="..\testrunner\DynamicWindow\cdxCDynamicWnd.cpp">
      <Filter>TestRunner-Was-In-Dll\UserInterface\DynamicWindow</Filter>
    </ClCompile>
    <ClCompile Include="..\testrunner\DynamicWindow\cdxCDynamicWndEx.cpp">
      <Filter>TestRunner-Was-In-Dll\UserInterface\DynamicWindow</Filter>
    </ClCompile>
    <ClCompile Include="..\testrunner\DynamicWindow\cdxCSizeIconCtrl.cpp">
      <Filter>TestRunner-Was-In-Dll\UserInterface\DynamicWindow</Filter>
    </ClCompile>
    <ClCompile Include="..\testrunner\DynamicWindow\SizeCBar.cpp">
      <Filter>TestRunner-Was-In-Dll\UserInterface\DynamicWindow</Filter>
    </ClCompile>
    <ClCompile Include="..\testrunner\ListCtrlFormatter.cpp">
      <Filter>TestRunner-Was-In-Dll\UserInterface</Filter>
    </ClCompile>
    <ClCompile Include="..\testrunner\ListCtrlSetter.cpp">
      <Filter>TestRunner-Was-In-Dll\UserInterface</Filter>
    </ClCompile>
    <ClCompile Include="..\testrunner\MsDevCallerListCtrl.cpp">
      <Filter>TestRunner-Was-In-Dll\UserInterface</Filter>
    </ClCompile>
    <ClCompile Include="..\testrunner\ProgressBar.cpp">
      <Filter>TestRunner-Was-In-Dll\UserInterface</Filter>
    </ClCompile>
    <ClCompile Include="..\testrunner\ResourceLoaders.cpp">
      <Filter>TestRunner-Was-In-Dll\UserInterface</Filter>
    </ClCompile>
    <ClCompile Include="..\testrunner\TestRunnerDlg.cpp">
      <Filter>TestRunner-Was-In-Dll\UserInterface</Filter>
    </ClCompile>
    <ClCompile Include="..\testrunner\TreeHierarchyDlg.cpp">
      <Filter>TestRunner-Was-In-Dll\UserInterface</Filter>
    </ClCompile>
    <ClCompile Include="..\testrunner\ActiveTest.cpp">
      <Filter>TestRunner-Was-In-Dll\Components</Filter>
    </ClCompile>
    <ClCompile Include="..\testrunner\TestRunnerModel.cpp">
      <Filter>TestRunner-Was-In-Dll\Components</Filter>
    </ClCompile>
    <ClCompile Include="..\testrunner\MostRecentTests.cpp">
      <Filter>TestRunner-Was-In-Dll\NewFiles</Filter>
    </ClCompile>
    <ClCompile Include="..\..\..\include\msvc6\DSPlugin\TestRunnerDSPluginVC6_i.c">
      <Filter>TestRunner-Was-In-Dll\NewFiles</Filter>
    </ClCompile>
  </ItemGroup>
  <ItemGroup>
    <ResourceCompile Include="TestPlugInRunner.rc">
      <Filter>Gui</Filter>
    </ResourceCompile>
  </ItemGroup>
  <ItemGroup>
    <Text Include="ReadMe.txt" />
  </ItemGroup>
  <ItemGroup>
    <CustomBuild Include="res\TestPlugInRunner.rc2">
      <Filter>Resource Files</Filter>
    </CustomBuild>
    <CustomBuild Include="..\..\..\lib\cppunit_dll.dll">
      <Filter>DLL</Filter>
    </CustomBuild>
    <CustomBuild Include="..\..\..\lib\cppunitd_dll.dll">
      <Filter>DLL</Filter>
    </CustomBuild>
    <CustomBuild Include="..\..\..\lib\testrunner.dll">
      <Filter>DLL</Filter>
    </CustomBuild>
    <CustomBuild Include="..\..\..\lib\testrunnerd.dll">
      <Filter>DLL</Filter>
    </CustomBuild>
  </ItemGroup>
</Project>