<?xml version="1.0" encoding="utf-8"?>
<Project ToolsVersion="4.0" xmlns="http://schemas.microsoft.com/developer/msbuild/2003">
  <ItemGroup>
    <Filter Include="BURP files">
      <UniqueIdentifier>{514841b7-01cc-462b-8d02-9bb516e05a8c}</UniqueIdentifier>
      <Extensions>cpp;c;cxx;rc;def;r;odl;idl;hpj;bat</Extensions>
    </Filter>
    <Filter Include="BURP files\epp files">
      <UniqueIdentifier>{2a251f84-70ad-4507-8e36-2b1de644e2d7}</UniqueIdentifier>
      <Extensions>epp</Extensions>
    </Filter>
    <Filter Include="BURP files\Generated files">
      <UniqueIdentifier>{dd4bcff6-d92c-49f8-8af9-313652fa2e6b}</UniqueIdentifier>
    </Filter>
    <Filter Include="JRD files">
      <UniqueIdentifier>{dcda22e8-747b-4118-acdd-bcfcd500689d}</UniqueIdentifier>
    </Filter>
    <Filter Include="REMOTE files">
      <UniqueIdentifier>{85ae4cc2-a63f-4298-aaff-0566e3d3fcda}</UniqueIdentifier>
    </Filter>
    <Filter Include="Header files">
      <UniqueIdentifier>{a5fa7181-3048-4f31-88f0-bd5e745ba25c}</UniqueIdentifier>
      <Extensions>h;hpp;hxx;hm;inl</Extensions>
    </Filter>
    <Filter Include="Resource files">
      <UniqueIdentifier>{a667c39f-6206-4cd9-8cba-6833106eaf71}</UniqueIdentifier>
    </Filter>
  </ItemGroup>
  <ItemGroup>
    <ClCompile Include="..\..\..\src\burp\burp.cpp">
      <Filter>BURP files</Filter>
    </ClCompile>
    <ClCompile Include="..\..\..\src\burp\burpMain.cpp">
      <Filter>BURP files</Filter>
    </ClCompile>
    <ClCompile Include="..\..\..\src\burp\canonical.cpp">
      <Filter>BURP files</Filter>
    </ClCompile>
    <ClCompile Include="..\..\..\src\burp\misc.cpp">
      <Filter>BURP files</Filter>
    </ClCompile>
    <ClCompile Include="..\..\..\src\burp\mvol.cpp">
      <Filter>BURP files</Filter>
    </ClCompile>
    <ClCompile Include="..\..\..\gen\$(Platform)\burp\backup.cpp">
      <Filter>BURP files\Generated files</Filter>
    </ClCompile>
    <ClCompile Include="..\..\..\gen\$(Platform)\burp\restore.cpp">
      <Filter>BURP files\Generated files</Filter>
    </ClCompile>
    <ClCompile Include="..\..\..\src\jrd\sdl.cpp">
      <Filter>JRD files</Filter>
    </ClCompile>
    <ClCompile Include="..\..\..\src\jrd\ThreadData.cpp">
      <Filter>JRD files</Filter>
    </ClCompile>
    <ClCompile Include="..\..\..\src\remote\xdr.cpp">
      <Filter>REMOTE files</Filter>
    </ClCompile>
  </ItemGroup>
  <ItemGroup>
    <None Include="..\..\..\src\burp\backup.epp">
      <Filter>BURP files\epp files</Filter>
    </None>
    <None Include="..\..\..\src\burp\restore.epp">
      <Filter>BURP files\epp files</Filter>
    </None>
  </ItemGroup>
  <ItemGroup>
    <ClInclude Include="..\..\..\src\jrd\sdl.h">
      <Filter>JRD files</Filter>
    </ClInclude>
    <ClInclude Include="..\..\..\src\jrd\sdl_proto.h">
      <Filter>JRD files</Filter>
    </ClInclude>
    <ClInclude Include="..\..\..\src\burp\backu_proto.h">
      <Filter>Header files</Filter>
    </ClInclude>
    <ClInclude Include="..\..\..\src\burp\burp.h">
      <Filter>Header files</Filter>
    </ClInclude>
    <ClInclude Include="..\..\..\src\burp\burp_proto.h">
      <Filter>Header files</Filter>
    </ClInclude>
    <ClInclude Include="..\..\..\src\burp\burpswi.h">
      <Filter>Header files</Filter>
    </ClInclude>
    <ClInclude Include="..\..\..\src\burp\canon_proto.h">
      <Filter>Header files</Filter>
    </ClInclude>
    <ClInclude Include="..\..\..\src\burp\misc_proto.h">
      <Filter>Header files</Filter>
    </ClInclude>
    <ClInclude Include="..\..\..\src\burp\mvol_proto.h">
      <Filter>Header files</Filter>
    </ClInclude>
    <ClInclude Include="..\..\..\src\burp\resto_proto.h">
      <Filter>Header files</Filter>
    </ClInclude>
  </ItemGroup>
  <ItemGroup>
    <ResourceCompile Include="..\..\..\src\jrd\version.rc">
      <Filter>Resource files</Filter>
    </ResourceCompile>
  </ItemGroup>
</Project>