<?xml version="1.0" encoding="utf-8"?>
<Project ToolsVersion="4.0" xmlns="http://schemas.microsoft.com/developer/msbuild/2003">
  <ItemGroup>
    <Filter Include="UTILITIES files">
      <UniqueIdentifier>{758c80c1-8ef6-4b5b-b74d-4a34fc9bfa89}</UniqueIdentifier>
      <Extensions>cpp;c;cxx;rc;def;r;odl;idl;hpj;bat</Extensions>
    </Filter>
    <Filter Include="Header files">
      <UniqueIdentifier>{8c095e47-b17a-4600-b67e-c0096a9c0b52}</UniqueIdentifier>
      <Extensions>h;hpp;hxx;hm;inl</Extensions>
    </Filter>
    <Filter Include="Resource files">
      <UniqueIdentifier>{1dbb9f9f-e01e-48b6-862c-4e9ecd890b23}</UniqueIdentifier>
    </Filter>
  </ItemGroup>
  <ItemGroup>
    <ClCompile Include="..\..\..\src\utilities\install\install.cpp">
      <Filter>UTILITIES files</Filter>
    </ClCompile>
    <ClCompile Include="..\..\..\src\utilities\install\install_client.cpp">
      <Filter>UTILITIES files</Filter>
    </ClCompile>
  </ItemGroup>
  <ItemGroup>
    <ClInclude Include="..\..\..\src\utilities\install_proto.h">
      <Filter>Header files</Filter>
    </ClInclude>
  </ItemGroup>
  <ItemGroup>
    <ResourceCompile Include="..\..\..\src\jrd\version.rc">
      <Filter>Resource files</Filter>
    </ResourceCompile>
  </ItemGroup>
</Project>