Microsoft Visual Studio Solution File, Format Version 12.00
# Visual Studio 14
VisualStudioVersion = 14.0.24720.0
MinimumVisualStudioVersion = 10.0.40219.1
Project("{8BC9CEB8-8B4A-11D0-8D11-00A0C91BC942}") = "DIS", "DIS.vcxproj", "{FC35B329-3A9F-7441-952C-883B9CFFEA1E}"
EndProject
Project("{8BC9CEB8-8B4A-11D0-8D11-00A0C91BC942}") = "UnitTest_DIS", "UnitTest_DIS.vcxproj", "{326F5888-9721-AB45-A83A-87BD0D5D025E}"
EndProject
Project("{8BC9CEB8-8B4A-11D0-8D11-00A0C91BC942}") = "Example_Send", "Example_Send.vcxproj", "{EFEE2D9C-66CA-E749-844B-386EA4DD9BF6}"
EndProject
Project("{8BC9CEB8-8B4A-11D0-8D11-00A0C91BC942}") = "Example_Receive", "Example_Receive.vcxproj", "{45B671BB-2E8A-3B4B-8059-4E66E6B5ED11}"
EndProject
Global
	GlobalSection(SolutionConfigurationPlatforms) = preSolution
		Debug|Win32 = Debug|Win32
		Debug|x64 = Debug|x64
		Release|Win32 = Release|Win32
		Release|x64 = Release|x64
	EndGlobalSection
	GlobalSection(ProjectConfigurationPlatforms) = postSolution
		{FC35B329-3A9F-7441-952C-883B9CFFEA1E}.Debug|Win32.ActiveCfg = Debug|Win32
		{FC35B329-3A9F-7441-952C-883B9CFFEA1E}.Debug|Win32.Build.0 = Debug|Win32
		{FC35B329-3A9F-7441-952C-883B9CFFEA1E}.Debug|x64.ActiveCfg = Debug|x64
		{FC35B329-3A9F-7441-952C-883B9CFFEA1E}.Debug|x64.Build.0 = Debug|x64
		{FC35B329-3A9F-7441-952C-883B9CFFEA1E}.Release|Win32.ActiveCfg = Release|Win32
		{FC35B329-3A9F-7441-952C-883B9CFFEA1E}.Release|Win32.Build.0 = Release|Win32
		{FC35B329-3A9F-7441-952C-883B9CFFEA1E}.Release|x64.ActiveCfg = Release|x64
		{FC35B329-3A9F-7441-952C-883B9CFFEA1E}.Release|x64.Build.0 = Release|x64
		{326F5888-9721-AB45-A83A-87BD0D5D025E}.Debug|Win32.ActiveCfg = Debug|Win32
		{326F5888-9721-AB45-A83A-87BD0D5D025E}.Debug|Win32.Build.0 = Debug|Win32
		{326F5888-9721-AB45-A83A-87BD0D5D025E}.Debug|x64.ActiveCfg = Debug|x64
		{326F5888-9721-AB45-A83A-87BD0D5D025E}.Debug|x64.Build.0 = Debug|x64
		{326F5888-9721-AB45-A83A-87BD0D5D025E}.Release|Win32.ActiveCfg = Release|Win32
		{326F5888-9721-AB45-A83A-87BD0D5D025E}.Release|Win32.Build.0 = Release|Win32
		{326F5888-9721-AB45-A83A-87BD0D5D025E}.Release|x64.ActiveCfg = Release|x64
		{326F5888-9721-AB45-A83A-87BD0D5D025E}.Release|x64.Build.0 = Release|x64
		{EFEE2D9C-66CA-E749-844B-386EA4DD9BF6}.Debug|Win32.ActiveCfg = Debug|Win32
		{EFEE2D9C-66CA-E749-844B-386EA4DD9BF6}.Debug|Win32.Build.0 = Debug|Win32
		{EFEE2D9C-66CA-E749-844B-386EA4DD9BF6}.Debug|x64.ActiveCfg = Debug|x64
		{EFEE2D9C-66CA-E749-844B-386EA4DD9BF6}.Debug|x64.Build.0 = Debug|x64
		{EFEE2D9C-66CA-E749-844B-386EA4DD9BF6}.Release|Win32.ActiveCfg = Release|Win32
		{EFEE2D9C-66CA-E749-844B-386EA4DD9BF6}.Release|Win32.Build.0 = Release|Win32
		{EFEE2D9C-66CA-E749-844B-386EA4DD9BF6}.Release|x64.ActiveCfg = Release|x64
		{EFEE2D9C-66CA-E749-844B-386EA4DD9BF6}.Release|x64.Build.0 = Release|x64
		{45B671BB-2E8A-3B4B-8059-4E66E6B5ED11}.Debug|Win32.ActiveCfg = Debug|Win32
		{45B671BB-2E8A-3B4B-8059-4E66E6B5ED11}.Debug|Win32.Build.0 = Debug|Win32
		{45B671BB-2E8A-3B4B-8059-4E66E6B5ED11}.Debug|x64.ActiveCfg = Debug|x64
		{45B671BB-2E8A-3B4B-8059-4E66E6B5ED11}.Debug|x64.Build.0 = Debug|x64
		{45B671BB-2E8A-3B4B-8059-4E66E6B5ED11}.Release|Win32.ActiveCfg = Release|Win32
		{45B671BB-2E8A-3B4B-8059-4E66E6B5ED11}.Release|Win32.Build.0 = Release|Win32
		{45B671BB-2E8A-3B4B-8059-4E66E6B5ED11}.Release|x64.ActiveCfg = Release|x64
		{45B671BB-2E8A-3B4B-8059-4E66E6B5ED11}.Release|x64.Build.0 = Release|x64
	EndGlobalSection
	GlobalSection(SolutionProperties) = preSolution
		HideSolutionNode = FALSE
	EndGlobalSection
EndGlobal
