<?xml version="1.0" encoding="utf-8"?>
<Project ToolsVersion="4.0" xmlns="http://schemas.microsoft.com/developer/msbuild/2003">
  <ItemGroup>
    <Filter Include="UTILITIES files">
      <UniqueIdentifier>{90d1130b-fe45-4dcc-96ac-2808cd94a9ff}</UniqueIdentifier>
    </Filter>
    <Filter Include="Resource files">
      <UniqueIdentifier>{3e8094dd-c12d-47e5-b4df-5a7eb037ee09}</UniqueIdentifier>
      <Extensions>ico;cur;bmp;dlg;rc2;rct;bin;rgs;gif;jpg;jpeg;jpe</Extensions>
    </Filter>
  </ItemGroup>
  <ItemGroup>
    <ClCompile Include="..\..\..\gen\$(Platform)\utilities\gstat\dba.cpp">
      <Filter>UTILITIES files</Filter>
    </ClCompile>
    <ClCompile Include="..\..\..\src\utilities\nbackup.cpp">
      <Filter>UTILITIES files</Filter>
    </ClCompile>
    <ClCompile Include="..\..\..\src\utilities\nbackup\nbkMain.cpp">
      <Filter>UTILITIES files</Filter>
    </ClCompile>
    <ClCompile Include="..\..\..\src\utilities\gstat\ppg.cpp">
      <Filter>UTILITIES files</Filter>
    </ClCompile>
    <ClCompile Include="..\..\..\src\jrd\trace\TraceCmdLine.cpp">
      <Filter>UTILITIES files</Filter>
    </ClCompile>
    <ClCompile Include="..\..\..\src\jrd\trace\TraceService.cpp">
      <Filter>UTILITIES files</Filter>
    </ClCompile>
  </ItemGroup>
  <ItemGroup>
    <None Include="..\..\..\src\remote\os\win32\caution.ico">
      <Filter>Resource files</Filter>
    </None>
    <None Include="..\..\..\src\remote\os\win32\server.ico">
      <Filter>Resource files</Filter>
    </None>
  </ItemGroup>
  <ItemGroup>
    <ResourceCompile Include="..\..\..\src\remote\os\win32\window.rc">
      <Filter>Resource files</Filter>
    </ResourceCompile>
  </ItemGroup>
</Project>