
Microsoft Visual Studio Solution File, Format Version 10.00
# Visual Studio 2008
Project("{8BC9CEB8-8B4A-11D0-8D11-00A0C91BC942}") = "Build_Everything", "Build_Everything.vcproj", "{738FA28F-DF9C-4AEB-8685-2562E0630D47}"
	ProjectSection(ProjectDependencies) = postProject
		{78611B33-7437-4FB2-964A-E43E8908E686} = {78611B33-7437-4FB2-964A-E43E8908E686}
		{2A84BA01-FA83-4C9E-84AF-4D11505B87F1} = {2A84BA01-FA83-4C9E-84AF-4D11505B87F1}
		{BEAEA743-0028-46DE-B88F-3361E2C8F0F3} = {BEAEA743-0028-46DE-B88F-3361E2C8F0F3}
		{636E957F-19C3-476E-AFEF-23EEE0BD706F} = {636E957F-19C3-476E-AFEF-23EEE0BD706F}
		{07DC8BB1-AB8F-4D0D-BB75-8F9ED2B11557} = {07DC8BB1-AB8F-4D0D-BB75-8F9ED2B11557}
		{C2028327-CFDD-491E-A322-D0313962E7BC} = {C2028327-CFDD-491E-A322-D0313962E7BC}
		{B9A7CF0B-1B58-4F8C-AAEC-33AD97291044} = {B9A7CF0B-1B58-4F8C-AAEC-33AD97291044}
		{834D66EE-BB60-40DE-8ED9-7B02982DE049} = {834D66EE-BB60-40DE-8ED9-7B02982DE049}
		{E03F5DCD-CDE7-4BC6-92C3-18785FE172E2} = {E03F5DCD-CDE7-4BC6-92C3-18785FE172E2}
		{2498AFEE-EB13-4F41-8587-4D7303D573D5} = {2498AFEE-EB13-4F41-8587-4D7303D573D5}
		{F7345A24-5991-4076-814F-F02443AA0420} = {F7345A24-5991-4076-814F-F02443AA0420}
		{B79CEC3E-D9D0-44BA-B99C-C7C7A8583B6D} = {B79CEC3E-D9D0-44BA-B99C-C7C7A8583B6D}
	EndProjectSection
EndProject
Project("{8BC9CEB8-8B4A-11D0-8D11-00A0C91BC942}") = "HawkNL", "HawkNL.vcproj", "{78611B33-7437-4FB2-964A-E43E8908E686}"
EndProject
Project("{8BC9CEB8-8B4A-11D0-8D11-00A0C91BC942}") = "HawkNL_static", "HawkNL_static.vcproj", "{834D66EE-BB60-40DE-8ED9-7B02982DE049}"
EndProject
Project("{8BC9CEB8-8B4A-11D0-8D11-00A0C91BC942}") = "Test_async", "Test_async.vcproj", "{2A84BA01-FA83-4C9E-84AF-4D11505B87F1}"
	ProjectSection(ProjectDependencies) = postProject
		{78611B33-7437-4FB2-964A-E43E8908E686} = {78611B33-7437-4FB2-964A-E43E8908E686}
	EndProjectSection
EndProject
Project("{8BC9CEB8-8B4A-11D0-8D11-00A0C91BC942}") = "Test_broadcast", "Test_broadcast.vcproj", "{BEAEA743-0028-46DE-B88F-3361E2C8F0F3}"
	ProjectSection(ProjectDependencies) = postProject
		{78611B33-7437-4FB2-964A-E43E8908E686} = {78611B33-7437-4FB2-964A-E43E8908E686}
	EndProjectSection
EndProject
Project("{8BC9CEB8-8B4A-11D0-8D11-00A0C91BC942}") = "Test_buffer", "Test_buffer.vcproj", "{636E957F-19C3-476E-AFEF-23EEE0BD706F}"
	ProjectSection(ProjectDependencies) = postProject
		{78611B33-7437-4FB2-964A-E43E8908E686} = {78611B33-7437-4FB2-964A-E43E8908E686}
	EndProjectSection
EndProject
Project("{8BC9CEB8-8B4A-11D0-8D11-00A0C91BC942}") = "Test_clientserver", "Test_clientserver.vcproj", "{E03F5DCD-CDE7-4BC6-92C3-18785FE172E2}"
	ProjectSection(ProjectDependencies) = postProject
		{78611B33-7437-4FB2-964A-E43E8908E686} = {78611B33-7437-4FB2-964A-E43E8908E686}
	EndProjectSection
EndProject
Project("{8BC9CEB8-8B4A-11D0-8D11-00A0C91BC942}") = "Test_getfile", "Test_getfile.vcproj", "{07DC8BB1-AB8F-4D0D-BB75-8F9ED2B11557}"
	ProjectSection(ProjectDependencies) = postProject
		{78611B33-7437-4FB2-964A-E43E8908E686} = {78611B33-7437-4FB2-964A-E43E8908E686}
	EndProjectSection
EndProject
Project("{8BC9CEB8-8B4A-11D0-8D11-00A0C91BC942}") = "Test_max", "Test_max.vcproj", "{C2028327-CFDD-491E-A322-D0313962E7BC}"
	ProjectSection(ProjectDependencies) = postProject
		{78611B33-7437-4FB2-964A-E43E8908E686} = {78611B33-7437-4FB2-964A-E43E8908E686}
	EndProjectSection
EndProject
Project("{8BC9CEB8-8B4A-11D0-8D11-00A0C91BC942}") = "Test_multicast", "Test_multicast.vcproj", "{B9A7CF0B-1B58-4F8C-AAEC-33AD97291044}"
	ProjectSection(ProjectDependencies) = postProject
		{78611B33-7437-4FB2-964A-E43E8908E686} = {78611B33-7437-4FB2-964A-E43E8908E686}
	EndProjectSection
EndProject
Project("{8BC9CEB8-8B4A-11D0-8D11-00A0C91BC942}") = "Test_overrun", "Test_overrun.vcproj", "{B79CEC3E-D9D0-44BA-B99C-C7C7A8583B6D}"
	ProjectSection(ProjectDependencies) = postProject
		{78611B33-7437-4FB2-964A-E43E8908E686} = {78611B33-7437-4FB2-964A-E43E8908E686}
	EndProjectSection
EndProject
Project("{8BC9CEB8-8B4A-11D0-8D11-00A0C91BC942}") = "Test_thread_pool", "Test_thread_pool.vcproj", "{F7345A24-5991-4076-814F-F02443AA0420}"
	ProjectSection(ProjectDependencies) = postProject
		{78611B33-7437-4FB2-964A-E43E8908E686} = {78611B33-7437-4FB2-964A-E43E8908E686}
	EndProjectSection
EndProject
Project("{8BC9CEB8-8B4A-11D0-8D11-00A0C91BC942}") = "Test_timer", "Test_timer.vcproj", "{2498AFEE-EB13-4F41-8587-4D7303D573D5}"
	ProjectSection(ProjectDependencies) = postProject
		{78611B33-7437-4FB2-964A-E43E8908E686} = {78611B33-7437-4FB2-964A-E43E8908E686}
	EndProjectSection
EndProject
Global
	GlobalSection(SolutionConfigurationPlatforms) = preSolution
		Debug|Win32 = Debug|Win32
		Release|Win32 = Release|Win32
	EndGlobalSection
	GlobalSection(ProjectConfigurationPlatforms) = postSolution
		{738FA28F-DF9C-4AEB-8685-2562E0630D47}.Debug|Win32.ActiveCfg = Debug|Win32
		{738FA28F-DF9C-4AEB-8685-2562E0630D47}.Debug|Win32.Build.0 = Debug|Win32
		{738FA28F-DF9C-4AEB-8685-2562E0630D47}.Release|Win32.ActiveCfg = Release|Win32
		{738FA28F-DF9C-4AEB-8685-2562E0630D47}.Release|Win32.Build.0 = Release|Win32
		{78611B33-7437-4FB2-964A-E43E8908E686}.Debug|Win32.ActiveCfg = Debug|Win32
		{78611B33-7437-4FB2-964A-E43E8908E686}.Debug|Win32.Build.0 = Debug|Win32
		{78611B33-7437-4FB2-964A-E43E8908E686}.Release|Win32.ActiveCfg = Release|Win32
		{78611B33-7437-4FB2-964A-E43E8908E686}.Release|Win32.Build.0 = Release|Win32
		{834D66EE-BB60-40DE-8ED9-7B02982DE049}.Debug|Win32.ActiveCfg = Debug|Win32
		{834D66EE-BB60-40DE-8ED9-7B02982DE049}.Debug|Win32.Build.0 = Debug|Win32
		{834D66EE-BB60-40DE-8ED9-7B02982DE049}.Release|Win32.ActiveCfg = Release|Win32
		{834D66EE-BB60-40DE-8ED9-7B02982DE049}.Release|Win32.Build.0 = Release|Win32
		{2A84BA01-FA83-4C9E-84AF-4D11505B87F1}.Debug|Win32.ActiveCfg = Debug|Win32
		{2A84BA01-FA83-4C9E-84AF-4D11505B87F1}.Debug|Win32.Build.0 = Debug|Win32
		{2A84BA01-FA83-4C9E-84AF-4D11505B87F1}.Release|Win32.ActiveCfg = Release|Win32
		{2A84BA01-FA83-4C9E-84AF-4D11505B87F1}.Release|Win32.Build.0 = Release|Win32
		{BEAEA743-0028-46DE-B88F-3361E2C8F0F3}.Debug|Win32.ActiveCfg = Debug|Win32
		{BEAEA743-0028-46DE-B88F-3361E2C8F0F3}.Debug|Win32.Build.0 = Debug|Win32
		{BEAEA743-0028-46DE-B88F-3361E2C8F0F3}.Release|Win32.ActiveCfg = Release|Win32
		{BEAEA743-0028-46DE-B88F-3361E2C8F0F3}.Release|Win32.Build.0 = Release|Win32
		{636E957F-19C3-476E-AFEF-23EEE0BD706F}.Debug|Win32.ActiveCfg = Debug|Win32
		{636E957F-19C3-476E-AFEF-23EEE0BD706F}.Debug|Win32.Build.0 = Debug|Win32
		{636E957F-19C3-476E-AFEF-23EEE0BD706F}.Release|Win32.ActiveCfg = Release|Win32
		{636E957F-19C3-476E-AFEF-23EEE0BD706F}.Release|Win32.Build.0 = Release|Win32
		{E03F5DCD-CDE7-4BC6-92C3-18785FE172E2}.Debug|Win32.ActiveCfg = Debug|Win32
		{E03F5DCD-CDE7-4BC6-92C3-18785FE172E2}.Debug|Win32.Build.0 = Debug|Win32
		{E03F5DCD-CDE7-4BC6-92C3-18785FE172E2}.Release|Win32.ActiveCfg = Release|Win32
		{E03F5DCD-CDE7-4BC6-92C3-18785FE172E2}.Release|Win32.Build.0 = Release|Win32
		{07DC8BB1-AB8F-4D0D-BB75-8F9ED2B11557}.Debug|Win32.ActiveCfg = Debug|Win32
		{07DC8BB1-AB8F-4D0D-BB75-8F9ED2B11557}.Debug|Win32.Build.0 = Debug|Win32
		{07DC8BB1-AB8F-4D0D-BB75-8F9ED2B11557}.Release|Win32.ActiveCfg = Release|Win32
		{07DC8BB1-AB8F-4D0D-BB75-8F9ED2B11557}.Release|Win32.Build.0 = Release|Win32
		{C2028327-CFDD-491E-A322-D0313962E7BC}.Debug|Win32.ActiveCfg = Debug|Win32
		{C2028327-CFDD-491E-A322-D0313962E7BC}.Debug|Win32.Build.0 = Debug|Win32
		{C2028327-CFDD-491E-A322-D0313962E7BC}.Release|Win32.ActiveCfg = Release|Win32
		{C2028327-CFDD-491E-A322-D0313962E7BC}.Release|Win32.Build.0 = Release|Win32
		{B9A7CF0B-1B58-4F8C-AAEC-33AD97291044}.Debug|Win32.ActiveCfg = Debug|Win32
		{B9A7CF0B-1B58-4F8C-AAEC-33AD97291044}.Debug|Win32.Build.0 = Debug|Win32
		{B9A7CF0B-1B58-4F8C-AAEC-33AD97291044}.Release|Win32.ActiveCfg = Release|Win32
		{B9A7CF0B-1B58-4F8C-AAEC-33AD97291044}.Release|Win32.Build.0 = Release|Win32
		{B79CEC3E-D9D0-44BA-B99C-C7C7A8583B6D}.Debug|Win32.ActiveCfg = Debug|Win32
		{B79CEC3E-D9D0-44BA-B99C-C7C7A8583B6D}.Debug|Win32.Build.0 = Debug|Win32
		{B79CEC3E-D9D0-44BA-B99C-C7C7A8583B6D}.Release|Win32.ActiveCfg = Release|Win32
		{B79CEC3E-D9D0-44BA-B99C-C7C7A8583B6D}.Release|Win32.Build.0 = Release|Win32
		{F7345A24-5991-4076-814F-F02443AA0420}.Debug|Win32.ActiveCfg = Debug|Win32
		{F7345A24-5991-4076-814F-F02443AA0420}.Debug|Win32.Build.0 = Debug|Win32
		{F7345A24-5991-4076-814F-F02443AA0420}.Release|Win32.ActiveCfg = Release|Win32
		{F7345A24-5991-4076-814F-F02443AA0420}.Release|Win32.Build.0 = Release|Win32
		{2498AFEE-EB13-4F41-8587-4D7303D573D5}.Debug|Win32.ActiveCfg = Debug|Win32
		{2498AFEE-EB13-4F41-8587-4D7303D573D5}.Debug|Win32.Build.0 = Debug|Win32
		{2498AFEE-EB13-4F41-8587-4D7303D573D5}.Release|Win32.ActiveCfg = Release|Win32
		{2498AFEE-EB13-4F41-8587-4D7303D573D5}.Release|Win32.Build.0 = Release|Win32
	EndGlobalSection
	GlobalSection(SolutionProperties) = preSolution
		HideSolutionNode = FALSE
	EndGlobalSection
EndGlobal
